// !$*UTF8*$!
{
	archiveVersion = 1;
	classes = {
	};
	objectVersion = 46;
	objects = {

/* Begin PBXBuildFile section */
		A338A6D8163FA82B00796D5B /* SystemConfiguration.framework in Frameworks */ = {isa = PBXBuildFile; fileRef = A338A6D7163FA82B00796D5B /* SystemConfiguration.framework */; };
		A338A6DA163FA84000796D5B /* MobileCoreServices.framework in Frameworks */ = {isa = PBXBuildFile; fileRef = A338A6D9163FA83F00796D5B /* MobileCoreServices.framework */; };
		A338A6DD163FDABD00796D5B /* 吉祥物.jpeg in Resources */ = {isa = PBXBuildFile; fileRef = A338A6DC163FDABD00796D5B /* 吉祥物.jpeg */; };
		A353C8941641222000FCEF50 /* TMDataFacade+User.m in Sources */ = {isa = PBXBuildFile; fileRef = A353C8931641222000FCEF50 /* TMDataFacade+User.m */; };
		A370B95C162FA69400B90AFC /* UIKit.framework in Frameworks */ = {isa = PBXBuildFile; fileRef = A370B95B162FA69400B90AFC /* UIKit.framework */; };
		A370B95E162FA69400B90AFC /* Foundation.framework in Frameworks */ = {isa = PBXBuildFile; fileRef = A370B95D162FA69400B90AFC /* Foundation.framework */; };
		A370B960162FA69400B90AFC /* CoreGraphics.framework in Frameworks */ = {isa = PBXBuildFile; fileRef = A370B95F162FA69400B90AFC /* CoreGraphics.framework */; };
		A37474FA1638DA7E007B0834 /* AFHTTPClient.m in Sources */ = {isa = PBXBuildFile; fileRef = A37474E81638DA7E007B0834 /* AFHTTPClient.m */; settings = {COMPILER_FLAGS = "-fobjc-arc"; }; };
		A37474FB1638DA7E007B0834 /* AFHTTPRequestOperation.m in Sources */ = {isa = PBXBuildFile; fileRef = A37474EA1638DA7E007B0834 /* AFHTTPRequestOperation.m */; settings = {COMPILER_FLAGS = "-fobjc-arc"; }; };
		A37474FC1638DA7E007B0834 /* AFImageRequestOperation.m in Sources */ = {isa = PBXBuildFile; fileRef = A37474EC1638DA7E007B0834 /* AFImageRequestOperation.m */; settings = {COMPILER_FLAGS = "-fobjc-arc"; }; };
		A37474FD1638DA7E007B0834 /* AFJSONRequestOperation.m in Sources */ = {isa = PBXBuildFile; fileRef = A37474EE1638DA7E007B0834 /* AFJSONRequestOperation.m */; settings = {COMPILER_FLAGS = "-fobjc-arc"; }; };
		A37474FE1638DA7E007B0834 /* AFNetworkActivityIndicatorManager.m in Sources */ = {isa = PBXBuildFile; fileRef = A37474F01638DA7E007B0834 /* AFNetworkActivityIndicatorManager.m */; settings = {COMPILER_FLAGS = "-fobjc-arc"; }; };
		A37474FF1638DA7E007B0834 /* AFPropertyListRequestOperation.m in Sources */ = {isa = PBXBuildFile; fileRef = A37474F31638DA7E007B0834 /* AFPropertyListRequestOperation.m */; settings = {COMPILER_FLAGS = "-fobjc-arc"; }; };
		A37475001638DA7E007B0834 /* AFURLConnectionOperation.m in Sources */ = {isa = PBXBuildFile; fileRef = A37474F51638DA7E007B0834 /* AFURLConnectionOperation.m */; settings = {COMPILER_FLAGS = "-fobjc-arc"; }; };
		A37475011638DA7E007B0834 /* AFXMLRequestOperation.m in Sources */ = {isa = PBXBuildFile; fileRef = A37474F71638DA7E007B0834 /* AFXMLRequestOperation.m */; settings = {COMPILER_FLAGS = "-fobjc-arc"; }; };
		A37475021638DA7E007B0834 /* UIImageView+AFNetworking.m in Sources */ = {isa = PBXBuildFile; fileRef = A37474F91638DA7E007B0834 /* UIImageView+AFNetworking.m */; settings = {COMPILER_FLAGS = "-fobjc-arc"; }; };
		A374750616390A23007B0834 /* JSONKit.m in Sources */ = {isa = PBXBuildFile; fileRef = A374750516390A23007B0834 /* JSONKit.m */; };
		A374750F16391119007B0834 /* main.m in Sources */ = {isa = PBXBuildFile; fileRef = A374750B16391119007B0834 /* main.m */; };
		A374751016391119007B0834 /* MainStoryboard.storyboard in Resources */ = {isa = PBXBuildFile; fileRef = A374750C16391119007B0834 /* MainStoryboard.storyboard */; };
		A374751116391119007B0834 /* TMAppDelegate.m in Sources */ = {isa = PBXBuildFile; fileRef = A374750E16391119007B0834 /* TMAppDelegate.m */; };
		A379EF4C163E8CAE00535E58 /* TMDataFacade+Avatar.m in Sources */ = {isa = PBXBuildFile; fileRef = A379EF4B163E8CAE00535E58 /* TMDataFacade+Avatar.m */; };
		A3944C5E163C470A00F74C74 /* TMDataFacade.m in Sources */ = {isa = PBXBuildFile; fileRef = A3944C5C163C470A00F74C74 /* TMDataFacade.m */; };
		A3E7805D163D5E9A00F86EAE /* TMGameModel.m in Sources */ = {isa = PBXBuildFile; fileRef = A3E7805A163D5E9A00F86EAE /* TMGameModel.m */; };
		A3E7805E163D5E9A00F86EAE /* TMUserModel.m in Sources */ = {isa = PBXBuildFile; fileRef = A3E7805C163D5E9A00F86EAE /* TMUserModel.m */; };
		A3E78063163D6BF200F86EAE /* TMDataTests.m in Sources */ = {isa = PBXBuildFile; fileRef = A3E78062163D6BF200F86EAE /* TMDataTests.m */; };
		A3E78067163D77A800F86EAE /* TMCacheHandler.m in Sources */ = {isa = PBXBuildFile; fileRef = A3E78066163D77A800F86EAE /* TMCacheHandler.m */; };
		A3E7806A163D77CE00F86EAE /* TMNetworkHandler.m in Sources */ = {isa = PBXBuildFile; fileRef = A3E78069163D77CE00F86EAE /* TMNetworkHandler.m */; };
		C6191BA61639391200C3CEB2 /* TMTestViewController.m in Sources */ = {isa = PBXBuildFile; fileRef = C6191BA51639391200C3CEB2 /* TMTestViewController.m */; };
		C6191BAC1639482C00C3CEB2 /* TMSceneDirector.m in Sources */ = {isa = PBXBuildFile; fileRef = C6191BAB1639482C00C3CEB2 /* TMSceneDirector.m */; };
		C6C85896163E38DC00F7CC24 /* Default-568h@2x.png in Resources */ = {isa = PBXBuildFile; fileRef = C6C85893163E38DC00F7CC24 /* Default-568h@2x.png */; };
		C6C85897163E38DC00F7CC24 /* Default.png in Resources */ = {isa = PBXBuildFile; fileRef = C6C85894163E38DC00F7CC24 /* Default.png */; };
		C6C85898163E38DC00F7CC24 /* Default@2x.png in Resources */ = {isa = PBXBuildFile; fileRef = C6C85895163E38DC00F7CC24 /* Default@2x.png */; };
		C6C858A3163E39FE00F7CC24 /* 37x-Checkmark.png in Resources */ = {isa = PBXBuildFile; fileRef = C6C858A1163E39FE00F7CC24 /* 37x-Checkmark.png */; };
		C6C858A4163E39FE00F7CC24 /* 37x-Checkmark@2x.png in Resources */ = {isa = PBXBuildFile; fileRef = C6C858A2163E39FE00F7CC24 /* 37x-Checkmark@2x.png */; };
		C6C858BB163E67C000F7CC24 /* QuartzCore.framework in Frameworks */ = {isa = PBXBuildFile; fileRef = C6C858BA163E67BF00F7CC24 /* QuartzCore.framework */; };
		C6C858BF163E6A1D00F7CC24 /* MBProgressHUD.m in Sources */ = {isa = PBXBuildFile; fileRef = C6C858BE163E6A1D00F7CC24 /* MBProgressHUD.m */; };
		C6C858C5163E6A3F00F7CC24 /* TKAlertCenter.m in Sources */ = {isa = PBXBuildFile; fileRef = C6C858C2163E6A3F00F7CC24 /* TKAlertCenter.m */; };
		C6C858C6163E6A3F00F7CC24 /* UIView+TKCategory.m in Sources */ = {isa = PBXBuildFile; fileRef = C6C858C4163E6A3F00F7CC24 /* UIView+TKCategory.m */; };
		C6C858C9163E6A8200F7CC24 /* TMLoginViewController.m in Sources */ = {isa = PBXBuildFile; fileRef = C6C858C8163E6A8200F7CC24 /* TMLoginViewController.m */; };
		C6C858CE163E6A9C00F7CC24 /* TMGameListViewController.m in Sources */ = {isa = PBXBuildFile; fileRef = C6C858CB163E6A9C00F7CC24 /* TMGameListViewController.m */; };
		C6C858CF163E6A9C00F7CC24 /* TMGameViewController.m in Sources */ = {isa = PBXBuildFile; fileRef = C6C858CD163E6A9C00F7CC24 /* TMGameViewController.m */; };
		C6C858D2163E6AAB00F7CC24 /* TMUserViewController.m in Sources */ = {isa = PBXBuildFile; fileRef = C6C858D1163E6AAB00F7CC24 /* TMUserViewController.m */; };
		C6C858D5163E6ABA00F7CC24 /* TMShopViewController.m in Sources */ = {isa = PBXBuildFile; fileRef = C6C858D4163E6ABA00F7CC24 /* TMShopViewController.m */; };
		C6C858D9163E6AD500F7CC24 /* TMStoryboardSegueNotAnimated.m in Sources */ = {isa = PBXBuildFile; fileRef = C6C858D8163E6AD500F7CC24 /* TMStoryboardSegueNotAnimated.m */; };
		C6C858DC163E6B2F00F7CC24 /* beer.png in Resources */ = {isa = PBXBuildFile; fileRef = C6C858DA163E6B2F00F7CC24 /* beer.png */; };
		C6C858DD163E6B2F00F7CC24 /* beer@2x.png in Resources */ = {isa = PBXBuildFile; fileRef = C6C858DB163E6B2F00F7CC24 /* beer@2x.png */; };
		C6C85934163E9A6C00F7CC24 /* UIScrollView+SVInfiniteScrolling.m in Sources */ = {isa = PBXBuildFile; fileRef = C6C85931163E9A6C00F7CC24 /* UIScrollView+SVInfiniteScrolling.m */; settings = {COMPILER_FLAGS = "-fobjc-arc"; }; };
		C6C85935163E9A6C00F7CC24 /* UIScrollView+SVPullToRefresh.m in Sources */ = {isa = PBXBuildFile; fileRef = C6C85933163E9A6C00F7CC24 /* UIScrollView+SVPullToRefresh.m */; settings = {COMPILER_FLAGS = "-fobjc-arc"; }; };
		C6C8593C163E9A7300F7CC24 /* NSData+Base64.m in Sources */ = {isa = PBXBuildFile; fileRef = C6C85939163E9A7300F7CC24 /* NSData+Base64.m */; };
		C6C8593D163E9A7300F7CC24 /* NSString+Base64.m in Sources */ = {isa = PBXBuildFile; fileRef = C6C8593B163E9A7300F7CC24 /* NSString+Base64.m */; };
		C6C85941163E9A7D00F7CC24 /* NSString+URLEncoding.m in Sources */ = {isa = PBXBuildFile; fileRef = C6C85940163E9A7D00F7CC24 /* NSString+URLEncoding.m */; };
		C6C85947163E9ABC00F7CC24 /* TMGameListCell.m in Sources */ = {isa = PBXBuildFile; fileRef = C6C85944163E9ABC00F7CC24 /* TMGameListCell.m */; };
		C6C85948163E9ABC00F7CC24 /* TMShopCell.m in Sources */ = {isa = PBXBuildFile; fileRef = C6C85946163E9ABC00F7CC24 /* TMShopCell.m */; };
		C6C8594C163E9AC700F7CC24 /* TMShopButton.m in Sources */ = {isa = PBXBuildFile; fileRef = C6C8594B163E9AC700F7CC24 /* TMShopButton.m */; };
/* End PBXBuildFile section */

/* Begin PBXFileReference section */
		A338A6D5163F872D00796D5B /* TMDataUtils.h */ = {isa = PBXFileReference; fileEncoding = 4; lastKnownFileType = sourcecode.c.h; path = TMDataUtils.h; sourceTree = "<group>"; };
		A338A6D7163FA82B00796D5B /* SystemConfiguration.framework */ = {isa = PBXFileReference; lastKnownFileType = wrapper.framework; name = SystemConfiguration.framework; path = System/Library/Frameworks/SystemConfiguration.framework; sourceTree = SDKROOT; };
		A338A6D9163FA83F00796D5B /* MobileCoreServices.framework */ = {isa = PBXFileReference; lastKnownFileType = wrapper.framework; name = MobileCoreServices.framework; path = System/Library/Frameworks/MobileCoreServices.framework; sourceTree = SDKROOT; };
		A338A6DC163FDABD00796D5B /* 吉祥物.jpeg */ = {isa = PBXFileReference; lastKnownFileType = image.jpeg; path = "吉祥物.jpeg"; sourceTree = SOURCE_ROOT; };
		A353C8921641222000FCEF50 /* TMDataFacade+User.h */ = {isa = PBXFileReference; fileEncoding = 4; lastKnownFileType = sourcecode.c.h; path = "TMDataFacade+User.h"; sourceTree = "<group>"; };
		A353C8931641222000FCEF50 /* TMDataFacade+User.m */ = {isa = PBXFileReference; fileEncoding = 4; lastKnownFileType = sourcecode.c.objc; path = "TMDataFacade+User.m"; sourceTree = "<group>"; };
		A370B957162FA69400B90AFC /* Tiniman-iphone.app */ = {isa = PBXFileReference; explicitFileType = wrapper.application; includeInIndex = 0; path = "Tiniman-iphone.app"; sourceTree = BUILT_PRODUCTS_DIR; };
		A370B95B162FA69400B90AFC /* UIKit.framework */ = {isa = PBXFileReference; lastKnownFileType = wrapper.framework; name = UIKit.framework; path = System/Library/Frameworks/UIKit.framework; sourceTree = SDKROOT; };
		A370B95D162FA69400B90AFC /* Foundation.framework */ = {isa = PBXFileReference; lastKnownFileType = wrapper.framework; name = Foundation.framework; path = System/Library/Frameworks/Foundation.framework; sourceTree = SDKROOT; };
		A370B95F162FA69400B90AFC /* CoreGraphics.framework */ = {isa = PBXFileReference; lastKnownFileType = wrapper.framework; name = CoreGraphics.framework; path = System/Library/Frameworks/CoreGraphics.framework; sourceTree = SDKROOT; };
		A370B9C2162FC06700B90AFC /* Tiniman-iphone-Info.plist */ = {isa = PBXFileReference; fileEncoding = 4; lastKnownFileType = text.plist.xml; path = "Tiniman-iphone-Info.plist"; sourceTree = "<group>"; };
		A370B9C3162FC06700B90AFC /* Tiniman-iphone-Prefix.pch */ = {isa = PBXFileReference; fileEncoding = 4; lastKnownFileType = sourcecode.c.h; path = "Tiniman-iphone-Prefix.pch"; sourceTree = "<group>"; };
		A37474E71638DA7E007B0834 /* AFHTTPClient.h */ = {isa = PBXFileReference; fileEncoding = 4; lastKnownFileType = sourcecode.c.h; path = AFHTTPClient.h; sourceTree = "<group>"; };
		A37474E81638DA7E007B0834 /* AFHTTPClient.m */ = {isa = PBXFileReference; fileEncoding = 4; lastKnownFileType = sourcecode.c.objc; path = AFHTTPClient.m; sourceTree = "<group>"; };
		A37474E91638DA7E007B0834 /* AFHTTPRequestOperation.h */ = {isa = PBXFileReference; fileEncoding = 4; lastKnownFileType = sourcecode.c.h; path = AFHTTPRequestOperation.h; sourceTree = "<group>"; };
		A37474EA1638DA7E007B0834 /* AFHTTPRequestOperation.m */ = {isa = PBXFileReference; fileEncoding = 4; lastKnownFileType = sourcecode.c.objc; path = AFHTTPRequestOperation.m; sourceTree = "<group>"; };
		A37474EB1638DA7E007B0834 /* AFImageRequestOperation.h */ = {isa = PBXFileReference; fileEncoding = 4; lastKnownFileType = sourcecode.c.h; path = AFImageRequestOperation.h; sourceTree = "<group>"; };
		A37474EC1638DA7E007B0834 /* AFImageRequestOperation.m */ = {isa = PBXFileReference; fileEncoding = 4; lastKnownFileType = sourcecode.c.objc; path = AFImageRequestOperation.m; sourceTree = "<group>"; };
		A37474ED1638DA7E007B0834 /* AFJSONRequestOperation.h */ = {isa = PBXFileReference; fileEncoding = 4; lastKnownFileType = sourcecode.c.h; path = AFJSONRequestOperation.h; sourceTree = "<group>"; };
		A37474EE1638DA7E007B0834 /* AFJSONRequestOperation.m */ = {isa = PBXFileReference; fileEncoding = 4; lastKnownFileType = sourcecode.c.objc; path = AFJSONRequestOperation.m; sourceTree = "<group>"; };
		A37474EF1638DA7E007B0834 /* AFNetworkActivityIndicatorManager.h */ = {isa = PBXFileReference; fileEncoding = 4; lastKnownFileType = sourcecode.c.h; path = AFNetworkActivityIndicatorManager.h; sourceTree = "<group>"; };
		A37474F01638DA7E007B0834 /* AFNetworkActivityIndicatorManager.m */ = {isa = PBXFileReference; fileEncoding = 4; lastKnownFileType = sourcecode.c.objc; path = AFNetworkActivityIndicatorManager.m; sourceTree = "<group>"; };
		A37474F11638DA7E007B0834 /* AFNetworking.h */ = {isa = PBXFileReference; fileEncoding = 4; lastKnownFileType = sourcecode.c.h; path = AFNetworking.h; sourceTree = "<group>"; };
		A37474F21638DA7E007B0834 /* AFPropertyListRequestOperation.h */ = {isa = PBXFileReference; fileEncoding = 4; lastKnownFileType = sourcecode.c.h; path = AFPropertyListRequestOperation.h; sourceTree = "<group>"; };
		A37474F31638DA7E007B0834 /* AFPropertyListRequestOperation.m */ = {isa = PBXFileReference; fileEncoding = 4; lastKnownFileType = sourcecode.c.objc; path = AFPropertyListRequestOperation.m; sourceTree = "<group>"; };
		A37474F41638DA7E007B0834 /* AFURLConnectionOperation.h */ = {isa = PBXFileReference; fileEncoding = 4; lastKnownFileType = sourcecode.c.h; path = AFURLConnectionOperation.h; sourceTree = "<group>"; };
		A37474F51638DA7E007B0834 /* AFURLConnectionOperation.m */ = {isa = PBXFileReference; fileEncoding = 4; lastKnownFileType = sourcecode.c.objc; path = AFURLConnectionOperation.m; sourceTree = "<group>"; };
		A37474F61638DA7E007B0834 /* AFXMLRequestOperation.h */ = {isa = PBXFileReference; fileEncoding = 4; lastKnownFileType = sourcecode.c.h; path = AFXMLRequestOperation.h; sourceTree = "<group>"; };
		A37474F71638DA7E007B0834 /* AFXMLRequestOperation.m */ = {isa = PBXFileReference; fileEncoding = 4; lastKnownFileType = sourcecode.c.objc; path = AFXMLRequestOperation.m; sourceTree = "<group>"; };
		A37474F81638DA7E007B0834 /* UIImageView+AFNetworking.h */ = {isa = PBXFileReference; fileEncoding = 4; lastKnownFileType = sourcecode.c.h; path = "UIImageView+AFNetworking.h"; sourceTree = "<group>"; };
		A37474F91638DA7E007B0834 /* UIImageView+AFNetworking.m */ = {isa = PBXFileReference; fileEncoding = 4; lastKnownFileType = sourcecode.c.objc; path = "UIImageView+AFNetworking.m"; sourceTree = "<group>"; };
		A374750416390A23007B0834 /* JSONKit.h */ = {isa = PBXFileReference; fileEncoding = 4; lastKnownFileType = sourcecode.c.h; path = JSONKit.h; sourceTree = "<group>"; };
		A374750516390A23007B0834 /* JSONKit.m */ = {isa = PBXFileReference; fileEncoding = 4; lastKnownFileType = sourcecode.c.objc; path = JSONKit.m; sourceTree = "<group>"; };
		A374750B16391119007B0834 /* main.m */ = {isa = PBXFileReference; fileEncoding = 4; lastKnownFileType = sourcecode.c.objc; path = main.m; sourceTree = "<group>"; };
		A374750C16391119007B0834 /* MainStoryboard.storyboard */ = {isa = PBXFileReference; fileEncoding = 4; lastKnownFileType = file.storyboard; path = MainStoryboard.storyboard; sourceTree = "<group>"; };
		A374750D16391119007B0834 /* TMAppDelegate.h */ = {isa = PBXFileReference; fileEncoding = 4; lastKnownFileType = sourcecode.c.h; path = TMAppDelegate.h; sourceTree = "<group>"; };
		A374750E16391119007B0834 /* TMAppDelegate.m */ = {isa = PBXFileReference; fileEncoding = 4; lastKnownFileType = sourcecode.c.objc; path = TMAppDelegate.m; sourceTree = "<group>"; };
		A379EF49163E8BCE00535E58 /* TMData.h */ = {isa = PBXFileReference; fileEncoding = 4; lastKnownFileType = sourcecode.c.h; path = TMData.h; sourceTree = "<group>"; };
		A379EF4A163E8CAE00535E58 /* TMDataFacade+Avatar.h */ = {isa = PBXFileReference; fileEncoding = 4; lastKnownFileType = sourcecode.c.h; path = "TMDataFacade+Avatar.h"; sourceTree = "<group>"; };
		A379EF4B163E8CAE00535E58 /* TMDataFacade+Avatar.m */ = {isa = PBXFileReference; fileEncoding = 4; lastKnownFileType = sourcecode.c.objc; path = "TMDataFacade+Avatar.m"; sourceTree = "<group>"; };
		A3944C5B163C470A00F74C74 /* TMDataFacade.h */ = {isa = PBXFileReference; fileEncoding = 4; lastKnownFileType = sourcecode.c.h; path = TMDataFacade.h; sourceTree = "<group>"; };
		A3944C5C163C470A00F74C74 /* TMDataFacade.m */ = {isa = PBXFileReference; fileEncoding = 4; lastKnownFileType = sourcecode.c.objc; path = TMDataFacade.m; sourceTree = "<group>"; };
		A3E78059163D5E9A00F86EAE /* TMGameModel.h */ = {isa = PBXFileReference; fileEncoding = 4; lastKnownFileType = sourcecode.c.h; path = TMGameModel.h; sourceTree = "<group>"; };
		A3E7805A163D5E9A00F86EAE /* TMGameModel.m */ = {isa = PBXFileReference; fileEncoding = 4; lastKnownFileType = sourcecode.c.objc; path = TMGameModel.m; sourceTree = "<group>"; };
		A3E7805B163D5E9A00F86EAE /* TMUserModel.h */ = {isa = PBXFileReference; fileEncoding = 4; lastKnownFileType = sourcecode.c.h; path = TMUserModel.h; sourceTree = "<group>"; };
		A3E7805C163D5E9A00F86EAE /* TMUserModel.m */ = {isa = PBXFileReference; fileEncoding = 4; lastKnownFileType = sourcecode.c.objc; path = TMUserModel.m; sourceTree = "<group>"; };
		A3E78061163D6BF200F86EAE /* TMDataTests.h */ = {isa = PBXFileReference; fileEncoding = 4; lastKnownFileType = sourcecode.c.h; path = TMDataTests.h; sourceTree = "<group>"; };
		A3E78062163D6BF200F86EAE /* TMDataTests.m */ = {isa = PBXFileReference; fileEncoding = 4; lastKnownFileType = sourcecode.c.objc; path = TMDataTests.m; sourceTree = "<group>"; };
		A3E78065163D77A800F86EAE /* TMCacheHandler.h */ = {isa = PBXFileReference; fileEncoding = 4; lastKnownFileType = sourcecode.c.h; path = TMCacheHandler.h; sourceTree = "<group>"; };
		A3E78066163D77A800F86EAE /* TMCacheHandler.m */ = {isa = PBXFileReference; fileEncoding = 4; lastKnownFileType = sourcecode.c.objc; path = TMCacheHandler.m; sourceTree = "<group>"; };
		A3E78068163D77CE00F86EAE /* TMNetworkHandler.h */ = {isa = PBXFileReference; fileEncoding = 4; lastKnownFileType = sourcecode.c.h; path = TMNetworkHandler.h; sourceTree = "<group>"; };
		A3E78069163D77CE00F86EAE /* TMNetworkHandler.m */ = {isa = PBXFileReference; fileEncoding = 4; lastKnownFileType = sourcecode.c.objc; path = TMNetworkHandler.m; sourceTree = "<group>"; };
		C6191BA41639391100C3CEB2 /* TMTestViewController.h */ = {isa = PBXFileReference; fileEncoding = 4; lastKnownFileType = sourcecode.c.h; path = TMTestViewController.h; sourceTree = "<group>"; };
		C6191BA51639391200C3CEB2 /* TMTestViewController.m */ = {isa = PBXFileReference; fileEncoding = 4; lastKnownFileType = sourcecode.c.objc; path = TMTestViewController.m; sourceTree = "<group>"; };
		C6191BAA1639482B00C3CEB2 /* TMSceneDirector.h */ = {isa = PBXFileReference; fileEncoding = 4; lastKnownFileType = sourcecode.c.h; path = TMSceneDirector.h; sourceTree = "<group>"; };
		C6191BAB1639482C00C3CEB2 /* TMSceneDirector.m */ = {isa = PBXFileReference; fileEncoding = 4; lastKnownFileType = sourcecode.c.objc; path = TMSceneDirector.m; sourceTree = "<group>"; };
		C6C85893163E38DC00F7CC24 /* Default-568h@2x.png */ = {isa = PBXFileReference; lastKnownFileType = image.png; name = "Default-568h@2x.png"; path = "Tiniman-iphone/Supporting Files/Images/Default-568h@2x.png"; sourceTree = SOURCE_ROOT; };
		C6C85894163E38DC00F7CC24 /* Default.png */ = {isa = PBXFileReference; lastKnownFileType = image.png; name = Default.png; path = "Tiniman-iphone/Supporting Files/Images/Default.png"; sourceTree = SOURCE_ROOT; };
		C6C85895163E38DC00F7CC24 /* Default@2x.png */ = {isa = PBXFileReference; lastKnownFileType = image.png; name = "Default@2x.png"; path = "Tiniman-iphone/Supporting Files/Images/Default@2x.png"; sourceTree = SOURCE_ROOT; };
		C6C858A1163E39FE00F7CC24 /* 37x-Checkmark.png */ = {isa = PBXFileReference; lastKnownFileType = image.png; name = "37x-Checkmark.png"; path = "Tiniman-iphone/Supporting Files/Images/37x-Checkmark.png"; sourceTree = SOURCE_ROOT; };
		C6C858A2163E39FE00F7CC24 /* 37x-Checkmark@2x.png */ = {isa = PBXFileReference; lastKnownFileType = image.png; name = "37x-Checkmark@2x.png"; path = "Tiniman-iphone/Supporting Files/Images/37x-Checkmark@2x.png"; sourceTree = SOURCE_ROOT; };
		C6C858BA163E67BF00F7CC24 /* QuartzCore.framework */ = {isa = PBXFileReference; lastKnownFileType = wrapper.framework; name = QuartzCore.framework; path = System/Library/Frameworks/QuartzCore.framework; sourceTree = SDKROOT; };
		C6C858BD163E6A1D00F7CC24 /* MBProgressHUD.h */ = {isa = PBXFileReference; fileEncoding = 4; lastKnownFileType = sourcecode.c.h; path = MBProgressHUD.h; sourceTree = "<group>"; };
		C6C858BE163E6A1D00F7CC24 /* MBProgressHUD.m */ = {isa = PBXFileReference; fileEncoding = 4; lastKnownFileType = sourcecode.c.objc; path = MBProgressHUD.m; sourceTree = "<group>"; };
		C6C858C0163E6A3E00F7CC24 /* TapkuLibrary.h */ = {isa = PBXFileReference; fileEncoding = 4; lastKnownFileType = sourcecode.c.h; path = TapkuLibrary.h; sourceTree = "<group>"; };
		C6C858C1163E6A3E00F7CC24 /* TKAlertCenter.h */ = {isa = PBXFileReference; fileEncoding = 4; lastKnownFileType = sourcecode.c.h; path = TKAlertCenter.h; sourceTree = "<group>"; };
		C6C858C2163E6A3F00F7CC24 /* TKAlertCenter.m */ = {isa = PBXFileReference; fileEncoding = 4; lastKnownFileType = sourcecode.c.objc; path = TKAlertCenter.m; sourceTree = "<group>"; };
		C6C858C3163E6A3F00F7CC24 /* UIView+TKCategory.h */ = {isa = PBXFileReference; fileEncoding = 4; lastKnownFileType = sourcecode.c.h; path = "UIView+TKCategory.h"; sourceTree = "<group>"; };
		C6C858C4163E6A3F00F7CC24 /* UIView+TKCategory.m */ = {isa = PBXFileReference; fileEncoding = 4; lastKnownFileType = sourcecode.c.objc; path = "UIView+TKCategory.m"; sourceTree = "<group>"; };
		C6C858C7163E6A8200F7CC24 /* TMLoginViewController.h */ = {isa = PBXFileReference; fileEncoding = 4; lastKnownFileType = sourcecode.c.h; path = TMLoginViewController.h; sourceTree = "<group>"; };
		C6C858C8163E6A8200F7CC24 /* TMLoginViewController.m */ = {isa = PBXFileReference; fileEncoding = 4; lastKnownFileType = sourcecode.c.objc; path = TMLoginViewController.m; sourceTree = "<group>"; };
		C6C858CA163E6A9C00F7CC24 /* TMGameListViewController.h */ = {isa = PBXFileReference; fileEncoding = 4; lastKnownFileType = sourcecode.c.h; path = TMGameListViewController.h; sourceTree = "<group>"; };
		C6C858CB163E6A9C00F7CC24 /* TMGameListViewController.m */ = {isa = PBXFileReference; fileEncoding = 4; lastKnownFileType = sourcecode.c.objc; path = TMGameListViewController.m; sourceTree = "<group>"; };
		C6C858CC163E6A9C00F7CC24 /* TMGameViewController.h */ = {isa = PBXFileReference; fileEncoding = 4; lastKnownFileType = sourcecode.c.h; path = TMGameViewController.h; sourceTree = "<group>"; };
		C6C858CD163E6A9C00F7CC24 /* TMGameViewController.m */ = {isa = PBXFileReference; fileEncoding = 4; lastKnownFileType = sourcecode.c.objc; path = TMGameViewController.m; sourceTree = "<group>"; };
		C6C858D0163E6AAB00F7CC24 /* TMUserViewController.h */ = {isa = PBXFileReference; fileEncoding = 4; lastKnownFileType = sourcecode.c.h; path = TMUserViewController.h; sourceTree = "<group>"; };
		C6C858D1163E6AAB00F7CC24 /* TMUserViewController.m */ = {isa = PBXFileReference; fileEncoding = 4; lastKnownFileType = sourcecode.c.objc; path = TMUserViewController.m; sourceTree = "<group>"; };
		C6C858D3163E6ABA00F7CC24 /* TMShopViewController.h */ = {isa = PBXFileReference; fileEncoding = 4; lastKnownFileType = sourcecode.c.h; path = TMShopViewController.h; sourceTree = "<group>"; };
		C6C858D4163E6ABA00F7CC24 /* TMShopViewController.m */ = {isa = PBXFileReference; fileEncoding = 4; lastKnownFileType = sourcecode.c.objc; path = TMShopViewController.m; sourceTree = "<group>"; };
		C6C858D6163E6AD500F7CC24 /* Define.h */ = {isa = PBXFileReference; fileEncoding = 4; lastKnownFileType = sourcecode.c.h; path = Define.h; sourceTree = "<group>"; };
		C6C858D7163E6AD500F7CC24 /* TMStoryboardSegueNotAnimated.h */ = {isa = PBXFileReference; fileEncoding = 4; lastKnownFileType = sourcecode.c.h; path = TMStoryboardSegueNotAnimated.h; sourceTree = "<group>"; };
		C6C858D8163E6AD500F7CC24 /* TMStoryboardSegueNotAnimated.m */ = {isa = PBXFileReference; fileEncoding = 4; lastKnownFileType = sourcecode.c.objc; path = TMStoryboardSegueNotAnimated.m; sourceTree = "<group>"; };
		C6C858DA163E6B2F00F7CC24 /* beer.png */ = {isa = PBXFileReference; lastKnownFileType = image.png; path = beer.png; sourceTree = "<group>"; };
		C6C858DB163E6B2F00F7CC24 /* beer@2x.png */ = {isa = PBXFileReference; lastKnownFileType = image.png; path = "beer@2x.png"; sourceTree = "<group>"; };
		C6C8592F163E9A6C00F7CC24 /* SVPullToRefresh.h */ = {isa = PBXFileReference; fileEncoding = 4; lastKnownFileType = sourcecode.c.h; path = SVPullToRefresh.h; sourceTree = "<group>"; };
		C6C85930163E9A6C00F7CC24 /* UIScrollView+SVInfiniteScrolling.h */ = {isa = PBXFileReference; fileEncoding = 4; lastKnownFileType = sourcecode.c.h; path = "UIScrollView+SVInfiniteScrolling.h"; sourceTree = "<group>"; };
		C6C85931163E9A6C00F7CC24 /* UIScrollView+SVInfiniteScrolling.m */ = {isa = PBXFileReference; fileEncoding = 4; lastKnownFileType = sourcecode.c.objc; path = "UIScrollView+SVInfiniteScrolling.m"; sourceTree = "<group>"; };
		C6C85932163E9A6C00F7CC24 /* UIScrollView+SVPullToRefresh.h */ = {isa = PBXFileReference; fileEncoding = 4; lastKnownFileType = sourcecode.c.h; path = "UIScrollView+SVPullToRefresh.h"; sourceTree = "<group>"; };
		C6C85933163E9A6C00F7CC24 /* UIScrollView+SVPullToRefresh.m */ = {isa = PBXFileReference; fileEncoding = 4; lastKnownFileType = sourcecode.c.objc; path = "UIScrollView+SVPullToRefresh.m"; sourceTree = "<group>"; };
		C6C85938163E9A7300F7CC24 /* NSData+Base64.h */ = {isa = PBXFileReference; fileEncoding = 4; lastKnownFileType = sourcecode.c.h; path = "NSData+Base64.h"; sourceTree = "<group>"; };
		C6C85939163E9A7300F7CC24 /* NSData+Base64.m */ = {isa = PBXFileReference; fileEncoding = 4; lastKnownFileType = sourcecode.c.objc; path = "NSData+Base64.m"; sourceTree = "<group>"; };
		C6C8593A163E9A7300F7CC24 /* NSString+Base64.h */ = {isa = PBXFileReference; fileEncoding = 4; lastKnownFileType = sourcecode.c.h; path = "NSString+Base64.h"; sourceTree = "<group>"; };
		C6C8593B163E9A7300F7CC24 /* NSString+Base64.m */ = {isa = PBXFileReference; fileEncoding = 4; lastKnownFileType = sourcecode.c.objc; path = "NSString+Base64.m"; sourceTree = "<group>"; };
		C6C8593F163E9A7D00F7CC24 /* NSString+URLEncoding.h */ = {isa = PBXFileReference; fileEncoding = 4; lastKnownFileType = sourcecode.c.h; path = "NSString+URLEncoding.h"; sourceTree = "<group>"; };
		C6C85940163E9A7D00F7CC24 /* NSString+URLEncoding.m */ = {isa = PBXFileReference; fileEncoding = 4; lastKnownFileType = sourcecode.c.objc; path = "NSString+URLEncoding.m"; sourceTree = "<group>"; };
		C6C85943163E9ABC00F7CC24 /* TMGameListCell.h */ = {isa = PBXFileReference; fileEncoding = 4; lastKnownFileType = sourcecode.c.h; path = TMGameListCell.h; sourceTree = "<group>"; };
		C6C85944163E9ABC00F7CC24 /* TMGameListCell.m */ = {isa = PBXFileReference; fileEncoding = 4; lastKnownFileType = sourcecode.c.objc; path = TMGameListCell.m; sourceTree = "<group>"; };
		C6C85945163E9ABC00F7CC24 /* TMShopCell.h */ = {isa = PBXFileReference; fileEncoding = 4; lastKnownFileType = sourcecode.c.h; path = TMShopCell.h; sourceTree = "<group>"; };
		C6C85946163E9ABC00F7CC24 /* TMShopCell.m */ = {isa = PBXFileReference; fileEncoding = 4; lastKnownFileType = sourcecode.c.objc; path = TMShopCell.m; sourceTree = "<group>"; };
		C6C8594A163E9AC700F7CC24 /* TMShopButton.h */ = {isa = PBXFileReference; fileEncoding = 4; lastKnownFileType = sourcecode.c.h; path = TMShopButton.h; sourceTree = "<group>"; };
		C6C8594B163E9AC700F7CC24 /* TMShopButton.m */ = {isa = PBXFileReference; fileEncoding = 4; lastKnownFileType = sourcecode.c.objc; path = TMShopButton.m; sourceTree = "<group>"; };
/* End PBXFileReference section */

/* Begin PBXFrameworksBuildPhase section */
		A370B954162FA69400B90AFC /* Frameworks */ = {
			isa = PBXFrameworksBuildPhase;
			buildActionMask = 2147483647;
			files = (
				A338A6DA163FA84000796D5B /* MobileCoreServices.framework in Frameworks */,
				A338A6D8163FA82B00796D5B /* SystemConfiguration.framework in Frameworks */,
				C6C858BB163E67C000F7CC24 /* QuartzCore.framework in Frameworks */,
				A370B95C162FA69400B90AFC /* UIKit.framework in Frameworks */,
				A370B95E162FA69400B90AFC /* Foundation.framework in Frameworks */,
				A370B960162FA69400B90AFC /* CoreGraphics.framework in Frameworks */,
			);
			runOnlyForDeploymentPostprocessing = 0;
		};
/* End PBXFrameworksBuildPhase section */

/* Begin PBXGroup section */
		A370B94C162FA69400B90AFC = {
			isa = PBXGroup;
			children = (
				A370B9A1162FB26400B90AFC /* Source */,
				A370B9BE162FC06700B90AFC /* Supporting Files */,
				A370B95A162FA69400B90AFC /* Frameworks */,
				A370B958162FA69400B90AFC /* Products */,
			);
			sourceTree = "<group>";
		};
		A370B958162FA69400B90AFC /* Products */ = {
			isa = PBXGroup;
			children = (
				A370B957162FA69400B90AFC /* Tiniman-iphone.app */,
			);
			name = Products;
			sourceTree = "<group>";
		};
		A370B95A162FA69400B90AFC /* Frameworks */ = {
			isa = PBXGroup;
			children = (
				A338A6D9163FA83F00796D5B /* MobileCoreServices.framework */,
				A338A6D7163FA82B00796D5B /* SystemConfiguration.framework */,
				A370B95B162FA69400B90AFC /* UIKit.framework */,
				A370B95D162FA69400B90AFC /* Foundation.framework */,
				A370B95F162FA69400B90AFC /* CoreGraphics.framework */,
				C6C858BA163E67BF00F7CC24 /* QuartzCore.framework */,
			);
			name = Frameworks;
			sourceTree = "<group>";
		};
		A370B9A0162FB26400B90AFC /* Images */ = {
			isa = PBXGroup;
			children = (
				C6C85893163E38DC00F7CC24 /* Default-568h@2x.png */,
				C6C85894163E38DC00F7CC24 /* Default.png */,
				C6C85895163E38DC00F7CC24 /* Default@2x.png */,
				C6C8589C163E395800F7CC24 /* MBProgressHUD */,
				C6C858BC163E69AD00F7CC24 /* TapkuLibrary */,
			);
			path = Images;
			sourceTree = "<group>";
		};
		A370B9A1162FB26400B90AFC /* Source */ = {
			isa = PBXGroup;
			children = (
				A374750B16391119007B0834 /* main.m */,
				A374750C16391119007B0834 /* MainStoryboard.storyboard */,
				A374750D16391119007B0834 /* TMAppDelegate.h */,
				A374750E16391119007B0834 /* TMAppDelegate.m */,
				C6191BAA1639482B00C3CEB2 /* TMSceneDirector.h */,
				C6191BAB1639482C00C3CEB2 /* TMSceneDirector.m */,
				C6191BA41639391100C3CEB2 /* TMTestViewController.h */,
				C6191BA51639391200C3CEB2 /* TMTestViewController.m */,
				C6214EC0162FE0B10001B630 /* Misc */,
				A370B9A2162FB26400B90AFC /* Controllers */,
				C6C85942163E9ABC00F7CC24 /* Cells */,
				C6C85949163E9AC700F7CC24 /* Controls */,
				A370B9A5162FB26400B90AFC /* Views */,
				A370B9A3162FB26400B90AFC /* Data */,
			);
			name = Source;
			path = "Tiniman-iphone/Source";
			sourceTree = "<group>";
		};
		A370B9A2162FB26400B90AFC /* Controllers */ = {
			isa = PBXGroup;
			children = (
				C6191B941639155E00C3CEB2 /* Login & Register */,
				C6191B98163915C100C3CEB2 /* Game */,
				C6191B9A163915CC00C3CEB2 /* User */,
				C6191B99163915C600C3CEB2 /* Shop */,
			);
			path = Controllers;
			sourceTree = "<group>";
		};
		A370B9A3162FB26400B90AFC /* Data */ = {
			isa = PBXGroup;
			children = (
				A379EF49163E8BCE00535E58 /* TMData.h */,
				A338A6D5163F872D00796D5B /* TMDataUtils.h */,
				A3944C5B163C470A00F74C74 /* TMDataFacade.h */,
				A3944C5C163C470A00F74C74 /* TMDataFacade.m */,
				A379EF3E163E832600535E58 /* FacadeCategories */,
				A3E78064163D778700F86EAE /* Handlers */,
				A3E78060163D6B7500F86EAE /* Tests */,
				A3E78058163D5E9A00F86EAE /* Models */,
			);
			path = Data;
			sourceTree = "<group>";
		};
		A370B9A5162FB26400B90AFC /* Views */ = {
			isa = PBXGroup;
			children = (
			);
			path = Views;
			sourceTree = "<group>";
		};
		A370B9BE162FC06700B90AFC /* Supporting Files */ = {
			isa = PBXGroup;
			children = (
				A37474E51638DA7E007B0834 /* Libs */,
				A370B9A0162FB26400B90AFC /* Images */,
				A370B9C2162FC06700B90AFC /* Tiniman-iphone-Info.plist */,
				A370B9C3162FC06700B90AFC /* Tiniman-iphone-Prefix.pch */,
			);
			name = "Supporting Files";
			path = "Tiniman-iphone/Supporting Files";
			sourceTree = "<group>";
		};
		A37474E51638DA7E007B0834 /* Libs */ = {
			isa = PBXGroup;
			children = (
				C6C8593E163E9A7D00F7CC24 /* URLEncoding */,
				C6C85937163E9A7300F7CC24 /* Base64 */,
				C6C8592E163E9A6C00F7CC24 /* SVPullToRefresh */,
				C6C858AF163E64DE00F7CC24 /* TapkuLibrary */,
				C6C8588F163E36C300F7CC24 /* MBProgressHUD */,
				A374750316390A23007B0834 /* JSONKit */,
				A37474E61638DA7E007B0834 /* AFNetworking */,
			);
			path = Libs;
			sourceTree = "<group>";
		};
		A37474E61638DA7E007B0834 /* AFNetworking */ = {
			isa = PBXGroup;
			children = (
				A37474E71638DA7E007B0834 /* AFHTTPClient.h */,
				A37474E81638DA7E007B0834 /* AFHTTPClient.m */,
				A37474E91638DA7E007B0834 /* AFHTTPRequestOperation.h */,
				A37474EA1638DA7E007B0834 /* AFHTTPRequestOperation.m */,
				A37474EB1638DA7E007B0834 /* AFImageRequestOperation.h */,
				A37474EC1638DA7E007B0834 /* AFImageRequestOperation.m */,
				A37474ED1638DA7E007B0834 /* AFJSONRequestOperation.h */,
				A37474EE1638DA7E007B0834 /* AFJSONRequestOperation.m */,
				A37474EF1638DA7E007B0834 /* AFNetworkActivityIndicatorManager.h */,
				A37474F01638DA7E007B0834 /* AFNetworkActivityIndicatorManager.m */,
				A37474F11638DA7E007B0834 /* AFNetworking.h */,
				A37474F21638DA7E007B0834 /* AFPropertyListRequestOperation.h */,
				A37474F31638DA7E007B0834 /* AFPropertyListRequestOperation.m */,
				A37474F41638DA7E007B0834 /* AFURLConnectionOperation.h */,
				A37474F51638DA7E007B0834 /* AFURLConnectionOperation.m */,
				A37474F61638DA7E007B0834 /* AFXMLRequestOperation.h */,
				A37474F71638DA7E007B0834 /* AFXMLRequestOperation.m */,
				A37474F81638DA7E007B0834 /* UIImageView+AFNetworking.h */,
				A37474F91638DA7E007B0834 /* UIImageView+AFNetworking.m */,
			);
			path = AFNetworking;
			sourceTree = "<group>";
		};
		A374750316390A23007B0834 /* JSONKit */ = {
			isa = PBXGroup;
			children = (
				A374750416390A23007B0834 /* JSONKit.h */,
				A374750516390A23007B0834 /* JSONKit.m */,
			);
			path = JSONKit;
			sourceTree = "<group>";
		};
		A379EF3E163E832600535E58 /* FacadeCategories */ = {
			isa = PBXGroup;
			children = (
				A353C8921641222000FCEF50 /* TMDataFacade+User.h */,
				A353C8931641222000FCEF50 /* TMDataFacade+User.m */,
				A379EF4A163E8CAE00535E58 /* TMDataFacade+Avatar.h */,
				A379EF4B163E8CAE00535E58 /* TMDataFacade+Avatar.m */,
			);
			path = FacadeCategories;
			sourceTree = "<group>";
		};
		A3E78058163D5E9A00F86EAE /* Models */ = {
			isa = PBXGroup;
			children = (
				A3E78059163D5E9A00F86EAE /* TMGameModel.h */,
				A3E7805A163D5E9A00F86EAE /* TMGameModel.m */,
				A3E7805B163D5E9A00F86EAE /* TMUserModel.h */,
				A3E7805C163D5E9A00F86EAE /* TMUserModel.m */,
			);
			path = Models;
			sourceTree = "<group>";
		};
		A3E78060163D6B7500F86EAE /* Tests */ = {
			isa = PBXGroup;
			children = (
				A3E78061163D6BF200F86EAE /* TMDataTests.h */,
				A3E78062163D6BF200F86EAE /* TMDataTests.m */,
			);
			path = Tests;
			sourceTree = "<group>";
		};
		A3E78064163D778700F86EAE /* Handlers */ = {
			isa = PBXGroup;
			children = (
				A3E78065163D77A800F86EAE /* TMCacheHandler.h */,
				A3E78066163D77A800F86EAE /* TMCacheHandler.m */,
				A3E78068163D77CE00F86EAE /* TMNetworkHandler.h */,
				A3E78069163D77CE00F86EAE /* TMNetworkHandler.m */,
			);
			path = Handlers;
			sourceTree = "<group>";
		};
		C6191B941639155E00C3CEB2 /* Login & Register */ = {
			isa = PBXGroup;
			children = (
				C6C858C7163E6A8200F7CC24 /* TMLoginViewController.h */,
				C6C858C8163E6A8200F7CC24 /* TMLoginViewController.m */,
			);
			path = "Login & Register";
			sourceTree = "<group>";
		};
		C6191B98163915C100C3CEB2 /* Game */ = {
			isa = PBXGroup;
			children = (
				C6C858CA163E6A9C00F7CC24 /* TMGameListViewController.h */,
				C6C858CB163E6A9C00F7CC24 /* TMGameListViewController.m */,
				C6C858CC163E6A9C00F7CC24 /* TMGameViewController.h */,
				C6C858CD163E6A9C00F7CC24 /* TMGameViewController.m */,
			);
			path = Game;
			sourceTree = "<group>";
		};
		C6191B99163915C600C3CEB2 /* Shop */ = {
			isa = PBXGroup;
			children = (
				C6C858D3163E6ABA00F7CC24 /* TMShopViewController.h */,
				C6C858D4163E6ABA00F7CC24 /* TMShopViewController.m */,
			);
			path = Shop;
			sourceTree = "<group>";
		};
		C6191B9A163915CC00C3CEB2 /* User */ = {
			isa = PBXGroup;
			children = (
				C6C858D0163E6AAB00F7CC24 /* TMUserViewController.h */,
				C6C858D1163E6AAB00F7CC24 /* TMUserViewController.m */,
			);
			path = User;
			sourceTree = "<group>";
		};
		C6214EC0162FE0B10001B630 /* Misc */ = {
			isa = PBXGroup;
			children = (
				C6C858D6163E6AD500F7CC24 /* Define.h */,
				C6C858D7163E6AD500F7CC24 /* TMStoryboardSegueNotAnimated.h */,
				C6C858D8163E6AD500F7CC24 /* TMStoryboardSegueNotAnimated.m */,
			);
			name = Misc;
			path = Miscs;
			sourceTree = "<group>";
		};
		C6C8588F163E36C300F7CC24 /* MBProgressHUD */ = {
			isa = PBXGroup;
			children = (
				C6C858BD163E6A1D00F7CC24 /* MBProgressHUD.h */,
				C6C858BE163E6A1D00F7CC24 /* MBProgressHUD.m */,
			);
			path = MBProgressHUD;
			sourceTree = "<group>";
		};
		C6C8589C163E395800F7CC24 /* MBProgressHUD */ = {
			isa = PBXGroup;
			children = (
				C6C858A1163E39FE00F7CC24 /* 37x-Checkmark.png */,
				C6C858A2163E39FE00F7CC24 /* 37x-Checkmark@2x.png */,
			);
			name = MBProgressHUD;
			sourceTree = "<group>";
		};
		C6C858AF163E64DE00F7CC24 /* TapkuLibrary */ = {
			isa = PBXGroup;
			children = (
				C6C858C0163E6A3E00F7CC24 /* TapkuLibrary.h */,
				C6C858B6163E662A00F7CC24 /* Core */,
				C6C858B8163E663C00F7CC24 /* UI */,
			);
			path = TapkuLibrary;
			sourceTree = "<group>";
		};
		C6C858B6163E662A00F7CC24 /* Core */ = {
			isa = PBXGroup;
			children = (
				C6C858B7163E662F00F7CC24 /* Additions */,
			);
			name = Core;
			sourceTree = "<group>";
		};
		C6C858B7163E662F00F7CC24 /* Additions */ = {
			isa = PBXGroup;
			children = (
				C6C858C3163E6A3F00F7CC24 /* UIView+TKCategory.h */,
				C6C858C4163E6A3F00F7CC24 /* UIView+TKCategory.m */,
			);
			name = Additions;
			sourceTree = "<group>";
		};
		C6C858B8163E663C00F7CC24 /* UI */ = {
			isa = PBXGroup;
			children = (
				C6C858C1163E6A3E00F7CC24 /* TKAlertCenter.h */,
				C6C858C2163E6A3F00F7CC24 /* TKAlertCenter.m */,
			);
			name = UI;
			sourceTree = "<group>";
		};
		C6C858BC163E69AD00F7CC24 /* TapkuLibrary */ = {
			isa = PBXGroup;
			children = (
				C6C858DA163E6B2F00F7CC24 /* beer.png */,
				C6C858DB163E6B2F00F7CC24 /* beer@2x.png */,
			);
			name = TapkuLibrary;
			sourceTree = "<group>";
		};
		C6C8592E163E9A6C00F7CC24 /* SVPullToRefresh */ = {
			isa = PBXGroup;
			children = (
				C6C8592F163E9A6C00F7CC24 /* SVPullToRefresh.h */,
				C6C85930163E9A6C00F7CC24 /* UIScrollView+SVInfiniteScrolling.h */,
				C6C85931163E9A6C00F7CC24 /* UIScrollView+SVInfiniteScrolling.m */,
				C6C85932163E9A6C00F7CC24 /* UIScrollView+SVPullToRefresh.h */,
				C6C85933163E9A6C00F7CC24 /* UIScrollView+SVPullToRefresh.m */,
			);
			path = SVPullToRefresh;
			sourceTree = "<group>";
		};
		C6C85937163E9A7300F7CC24 /* Base64 */ = {
			isa = PBXGroup;
			children = (
				C6C85938163E9A7300F7CC24 /* NSData+Base64.h */,
				C6C85939163E9A7300F7CC24 /* NSData+Base64.m */,
				C6C8593A163E9A7300F7CC24 /* NSString+Base64.h */,
				C6C8593B163E9A7300F7CC24 /* NSString+Base64.m */,
			);
			path = Base64;
			sourceTree = "<group>";
		};
		C6C8593E163E9A7D00F7CC24 /* URLEncoding */ = {
			isa = PBXGroup;
			children = (
				C6C8593F163E9A7D00F7CC24 /* NSString+URLEncoding.h */,
				C6C85940163E9A7D00F7CC24 /* NSString+URLEncoding.m */,
			);
			path = URLEncoding;
			sourceTree = "<group>";
		};
		C6C85942163E9ABC00F7CC24 /* Cells */ = {
			isa = PBXGroup;
			children = (
				C6C85943163E9ABC00F7CC24 /* TMGameListCell.h */,
				C6C85944163E9ABC00F7CC24 /* TMGameListCell.m */,
				C6C85945163E9ABC00F7CC24 /* TMShopCell.h */,
				C6C85946163E9ABC00F7CC24 /* TMShopCell.m */,
			);
			path = Cells;
			sourceTree = "<group>";
		};
		C6C85949163E9AC700F7CC24 /* Controls */ = {
			isa = PBXGroup;
			children = (
				C6C8594A163E9AC700F7CC24 /* TMShopButton.h */,
				C6C8594B163E9AC700F7CC24 /* TMShopButton.m */,
			);
			path = Controls;
			sourceTree = "<group>";
		};
/* End PBXGroup section */

/* Begin PBXNativeTarget section */
		A370B956162FA69400B90AFC /* Tiniman-iphone */ = {
			isa = PBXNativeTarget;
			buildConfigurationList = A370B97B162FA69400B90AFC /* Build configuration list for PBXNativeTarget "Tiniman-iphone" */;
			buildPhases = (
				A370B953162FA69400B90AFC /* Sources */,
				A370B954162FA69400B90AFC /* Frameworks */,
				A370B955162FA69400B90AFC /* Resources */,
			);
			buildRules = (
			);
			dependencies = (
			);
			name = "Tiniman-iphone";
			productName = "Tiniman-iphone";
			productReference = A370B957162FA69400B90AFC /* Tiniman-iphone.app */;
			productType = "com.apple.product-type.application";
		};
/* End PBXNativeTarget section */

/* Begin PBXProject section */
		A370B94E162FA69400B90AFC /* Project object */ = {
			isa = PBXProject;
			attributes = {
				CLASSPREFIX = TM;
				LastUpgradeCheck = 0450;
			};
			buildConfigurationList = A370B951162FA69400B90AFC /* Build configuration list for PBXProject "Tiniman-iphone" */;
			compatibilityVersion = "Xcode 3.2";
			developmentRegion = English;
			hasScannedForEncodings = 0;
			knownRegions = (
				en,
			);
			mainGroup = A370B94C162FA69400B90AFC;
			productRefGroup = A370B958162FA69400B90AFC /* Products */;
			projectDirPath = "";
			projectRoot = "";
			targets = (
				A370B956162FA69400B90AFC /* Tiniman-iphone */,
			);
		};
/* End PBXProject section */

/* Begin PBXResourcesBuildPhase section */
		A370B955162FA69400B90AFC /* Resources */ = {
			isa = PBXResourcesBuildPhase;
			buildActionMask = 2147483647;
			files = (
				A374751016391119007B0834 /* MainStoryboard.storyboard in Resources */,
				C6C85896163E38DC00F7CC24 /* Default-568h@2x.png in Resources */,
				C6C85897163E38DC00F7CC24 /* Default.png in Resources */,
				C6C85898163E38DC00F7CC24 /* Default@2x.png in Resources */,
				C6C858A3163E39FE00F7CC24 /* 37x-Checkmark.png in Resources */,
				C6C858A4163E39FE00F7CC24 /* 37x-Checkmark@2x.png in Resources */,
				C6C858DC163E6B2F00F7CC24 /* beer.png in Resources */,
				C6C858DD163E6B2F00F7CC24 /* beer@2x.png in Resources */,
				A338A6DD163FDABD00796D5B /* 吉祥物.jpeg in Resources */,
			);
			runOnlyForDeploymentPostprocessing = 0;
		};
/* End PBXResourcesBuildPhase section */

/* Begin PBXSourcesBuildPhase section */
		A370B953162FA69400B90AFC /* Sources */ = {
			isa = PBXSourcesBuildPhase;
			buildActionMask = 2147483647;
			files = (
				A37474FA1638DA7E007B0834 /* AFHTTPClient.m in Sources */,
				A37474FB1638DA7E007B0834 /* AFHTTPRequestOperation.m in Sources */,
				A37474FC1638DA7E007B0834 /* AFImageRequestOperation.m in Sources */,
				A37474FD1638DA7E007B0834 /* AFJSONRequestOperation.m in Sources */,
				A37474FE1638DA7E007B0834 /* AFNetworkActivityIndicatorManager.m in Sources */,
				A37474FF1638DA7E007B0834 /* AFPropertyListRequestOperation.m in Sources */,
				A37475001638DA7E007B0834 /* AFURLConnectionOperation.m in Sources */,
				A37475011638DA7E007B0834 /* AFXMLRequestOperation.m in Sources */,
				A37475021638DA7E007B0834 /* UIImageView+AFNetworking.m in Sources */,
				A374750616390A23007B0834 /* JSONKit.m in Sources */,
				A374750F16391119007B0834 /* main.m in Sources */,
				A374751116391119007B0834 /* TMAppDelegate.m in Sources */,
				C6191BA61639391200C3CEB2 /* TMTestViewController.m in Sources */,
				C6191BAC1639482C00C3CEB2 /* TMSceneDirector.m in Sources */,
				A3944C5E163C470A00F74C74 /* TMDataFacade.m in Sources */,
				A3E7805D163D5E9A00F86EAE /* TMGameModel.m in Sources */,
				A3E7805E163D5E9A00F86EAE /* TMUserModel.m in Sources */,
				A3E78063163D6BF200F86EAE /* TMDataTests.m in Sources */,
				A3E78067163D77A800F86EAE /* TMCacheHandler.m in Sources */,
				A3E7806A163D77CE00F86EAE /* TMNetworkHandler.m in Sources */,
				C6C858BF163E6A1D00F7CC24 /* MBProgressHUD.m in Sources */,
				C6C858C5163E6A3F00F7CC24 /* TKAlertCenter.m in Sources */,
				C6C858C6163E6A3F00F7CC24 /* UIView+TKCategory.m in Sources */,
				C6C858C9163E6A8200F7CC24 /* TMLoginViewController.m in Sources */,
				C6C858CE163E6A9C00F7CC24 /* TMGameListViewController.m in Sources */,
				C6C858CF163E6A9C00F7CC24 /* TMGameViewController.m in Sources */,
				C6C858D2163E6AAB00F7CC24 /* TMUserViewController.m in Sources */,
				C6C858D5163E6ABA00F7CC24 /* TMShopViewController.m in Sources */,
				C6C858D9163E6AD500F7CC24 /* TMStoryboardSegueNotAnimated.m in Sources */,
				A379EF4C163E8CAE00535E58 /* TMDataFacade+Avatar.m in Sources */,
				C6C85934163E9A6C00F7CC24 /* UIScrollView+SVInfiniteScrolling.m in Sources */,
				C6C85935163E9A6C00F7CC24 /* UIScrollView+SVPullToRefresh.m in Sources */,
				C6C8593C163E9A7300F7CC24 /* NSData+Base64.m in Sources */,
				C6C8593D163E9A7300F7CC24 /* NSString+Base64.m in Sources */,
				C6C85941163E9A7D00F7CC24 /* NSString+URLEncoding.m in Sources */,
				C6C85947163E9ABC00F7CC24 /* TMGameListCell.m in Sources */,
				C6C85948163E9ABC00F7CC24 /* TMShopCell.m in Sources */,
				C6C8594C163E9AC700F7CC24 /* TMShopButton.m in Sources */,
				A353C8941641222000FCEF50 /* TMDataFacade+User.m in Sources */,
			);
			runOnlyForDeploymentPostprocessing = 0;
		};
/* End PBXSourcesBuildPhase section */

/* Begin XCBuildConfiguration section */
		A370B979162FA69400B90AFC /* Debug */ = {
			isa = XCBuildConfiguration;
			buildSettings = {
				ALWAYS_SEARCH_USER_PATHS = NO;
				CLANG_CXX_LANGUAGE_STANDARD = "gnu++0x";
				CLANG_CXX_LIBRARY = "libc++";
				CLANG_WARN_EMPTY_BODY = YES;
				CLANG_WARN__DUPLICATE_METHOD_MATCH = YES;
				"CODE_SIGN_IDENTITY[sdk=iphoneos*]" = "iPhone Developer";
				COPY_PHASE_STRIP = NO;
				GCC_C_LANGUAGE_STANDARD = gnu99;
				GCC_DYNAMIC_NO_PIC = NO;
				GCC_OPTIMIZATION_LEVEL = 0;
				GCC_PREPROCESSOR_DEFINITIONS = (
					"DEBUG=1",
					"$(inherited)",
				);
				GCC_SYMBOLS_PRIVATE_EXTERN = NO;
				GCC_WARN_ABOUT_RETURN_TYPE = YES;
				GCC_WARN_UNINITIALIZED_AUTOS = YES;
				GCC_WARN_UNUSED_VARIABLE = YES;
				INFOPLIST_FILE = "";
				IPHONEOS_DEPLOYMENT_TARGET = 5.0;
				ONLY_ACTIVE_ARCH = YES;
				SDKROOT = iphoneos;
			};
			name = Debug;
		};
		A370B97A162FA69400B90AFC /* Release */ = {
			isa = XCBuildConfiguration;
			buildSettings = {
				ALWAYS_SEARCH_USER_PATHS = NO;
				CLANG_CXX_LANGUAGE_STANDARD = "gnu++0x";
				CLANG_CXX_LIBRARY = "libc++";
				CLANG_WARN_EMPTY_BODY = YES;
				CLANG_WARN__DUPLICATE_METHOD_MATCH = YES;
				"CODE_SIGN_IDENTITY[sdk=iphoneos*]" = "iPhone Developer";
				COPY_PHASE_STRIP = YES;
				GCC_C_LANGUAGE_STANDARD = gnu99;
				GCC_WARN_ABOUT_RETURN_TYPE = YES;
				GCC_WARN_UNINITIALIZED_AUTOS = YES;
				GCC_WARN_UNUSED_VARIABLE = YES;
				INFOPLIST_FILE = "";
				IPHONEOS_DEPLOYMENT_TARGET = 5.0;
				OTHER_CFLAGS = "-DNS_BLOCK_ASSERTIONS=1";
				SDKROOT = iphoneos;
				VALIDATE_PRODUCT = YES;
			};
			name = Release;
		};
		A370B97C162FA69400B90AFC /* Debug */ = {
			isa = XCBuildConfiguration;
			buildSettings = {
				CODE_SIGN_IDENTITY = "";
				GCC_PRECOMPILE_PREFIX_HEADER = YES;
				GCC_PREFIX_HEADER = "Tiniman-iphone/Supporting Files/Tiniman-iphone-Prefix.pch";
				INFOPLIST_FILE = "$(SRCROOT)/Tiniman-iphone/Supporting Files/Tiniman-iphone-Info.plist";
				IPHONEOS_DEPLOYMENT_TARGET = 5.0;
				PRODUCT_NAME = "$(TARGET_NAME)";
				WRAPPER_EXTENSION = app;
			};
			name = Debug;
		};
		A370B97D162FA69400B90AFC /* Release */ = {
			isa = XCBuildConfiguration;
			buildSettings = {
				GCC_PRECOMPILE_PREFIX_HEADER = YES;
				GCC_PREFIX_HEADER = "Tiniman-iphone/Supporting Files/Tiniman-iphone-Prefix.pch";
				INFOPLIST_FILE = "$(SRCROOT)/Tiniman-iphone/Supporting Files/Tiniman-iphone-Info.plist";
				IPHONEOS_DEPLOYMENT_TARGET = 5.0;
				PRODUCT_NAME = "$(TARGET_NAME)";
				WRAPPER_EXTENSION = app;
			};
			name = Release;
		};
/* End XCBuildConfiguration section */

/* Begin XCConfigurationList section */
		A370B951162FA69400B90AFC /* Build configuration list for PBXProject "Tiniman-iphone" */ = {
			isa = XCConfigurationList;
			buildConfigurations = (
				A370B979162FA69400B90AFC /* Debug */,
				A370B97A162FA69400B90AFC /* Release */,
			);
			defaultConfigurationIsVisible = 0;
			defaultConfigurationName = Release;
		};
		A370B97B162FA69400B90AFC /* Build configuration list for PBXNativeTarget "Tiniman-iphone" */ = {
			isa = XCConfigurationList;
			buildConfigurations = (
				A370B97C162FA69400B90AFC /* Debug */,
				A370B97D162FA69400B90AFC /* Release */,
			);
			defaultConfigurationIsVisible = 0;
			defaultConfigurationName = Release;
		};
/* End XCConfigurationList section */
	};
	rootObject = A370B94E162FA69400B90AFC /* Project object */;
}
