// !$*UTF8*$!
{
	archiveVersion = 1;
	classes = {
	};
	objectVersion = 46;
	objects = {

/* Begin PBXBuildFile section */
		A370B95C162FA69400B90AFC /* UIKit.framework in Frameworks */ = {isa = PBXBuildFile; fileRef = A370B95B162FA69400B90AFC /* UIKit.framework */; };
		A370B95E162FA69400B90AFC /* Foundation.framework in Frameworks */ = {isa = PBXBuildFile; fileRef = A370B95D162FA69400B90AFC /* Foundation.framework */; };
		A370B960162FA69400B90AFC /* CoreGraphics.framework in Frameworks */ = {isa = PBXBuildFile; fileRef = A370B95F162FA69400B90AFC /* CoreGraphics.framework */; };
		A370B9C4162FC06700B90AFC /* Default-568h@2x.png in Resources */ = {isa = PBXBuildFile; fileRef = A370B9BF162FC06700B90AFC /* Default-568h@2x.png */; };
		A370B9C5162FC06700B90AFC /* Default.png in Resources */ = {isa = PBXBuildFile; fileRef = A370B9C0162FC06700B90AFC /* Default.png */; };
		A370B9C6162FC06700B90AFC /* Default@2x.png in Resources */ = {isa = PBXBuildFile; fileRef = A370B9C1162FC06700B90AFC /* Default@2x.png */; };
		A37474FA1638DA7E007B0834 /* AFHTTPClient.m in Sources */ = {isa = PBXBuildFile; fileRef = A37474E81638DA7E007B0834 /* AFHTTPClient.m */; settings = {COMPILER_FLAGS = "-fobjc-arc"; }; };
		A37474FB1638DA7E007B0834 /* AFHTTPRequestOperation.m in Sources */ = {isa = PBXBuildFile; fileRef = A37474EA1638DA7E007B0834 /* AFHTTPRequestOperation.m */; settings = {COMPILER_FLAGS = "-fobjc-arc"; }; };
		A37474FC1638DA7E007B0834 /* AFImageRequestOperation.m in Sources */ = {isa = PBXBuildFile; fileRef = A37474EC1638DA7E007B0834 /* AFImageRequestOperation.m */; settings = {COMPILER_FLAGS = "-fobjc-arc"; }; };
		A37474FD1638DA7E007B0834 /* AFJSONRequestOperation.m in Sources */ = {isa = PBXBuildFile; fileRef = A37474EE1638DA7E007B0834 /* AFJSONRequestOperation.m */; settings = {COMPILER_FLAGS = "-fobjc-arc"; }; };
		A37474FE1638DA7E007B0834 /* AFNetworkActivityIndicatorManager.m in Sources */ = {isa = PBXBuildFile; fileRef = A37474F01638DA7E007B0834 /* AFNetworkActivityIndicatorManager.m */; settings = {COMPILER_FLAGS = "-fobjc-arc"; }; };
		A37474FF1638DA7E007B0834 /* AFPropertyListRequestOperation.m in Sources */ = {isa = PBXBuildFile; fileRef = A37474F31638DA7E007B0834 /* AFPropertyListRequestOperation.m */; settings = {COMPILER_FLAGS = "-fobjc-arc"; }; };
		A37475001638DA7E007B0834 /* AFURLConnectionOperation.m in Sources */ = {isa = PBXBuildFile; fileRef = A37474F51638DA7E007B0834 /* AFURLConnectionOperation.m */; settings = {COMPILER_FLAGS = "-fobjc-arc"; }; };
		A37475011638DA7E007B0834 /* AFXMLRequestOperation.m in Sources */ = {isa = PBXBuildFile; fileRef = A37474F71638DA7E007B0834 /* AFXMLRequestOperation.m */; settings = {COMPILER_FLAGS = "-fobjc-arc"; }; };
		A37475021638DA7E007B0834 /* UIImageView+AFNetworking.m in Sources */ = {isa = PBXBuildFile; fileRef = A37474F91638DA7E007B0834 /* UIImageView+AFNetworking.m */; settings = {COMPILER_FLAGS = "-fobjc-arc"; }; };
		A374750616390A23007B0834 /* JSONKit.m in Sources */ = {isa = PBXBuildFile; fileRef = A374750516390A23007B0834 /* JSONKit.m */; };
		A374750F16391119007B0834 /* main.m in Sources */ = {isa = PBXBuildFile; fileRef = A374750B16391119007B0834 /* main.m */; };
		A374751016391119007B0834 /* MainStoryboard.storyboard in Resources */ = {isa = PBXBuildFile; fileRef = A374750C16391119007B0834 /* MainStoryboard.storyboard */; };
		A374751116391119007B0834 /* TMAppDelegate.m in Sources */ = {isa = PBXBuildFile; fileRef = A374750E16391119007B0834 /* TMAppDelegate.m */; };
		A384364A163593090046AB47 /* TMDataCenter.m in Sources */ = {isa = PBXBuildFile; fileRef = A3843649163593090046AB47 /* TMDataCenter.m */; };
		A3BF1F8B1637A024004D0AE7 /* TMUserData.m in Sources */ = {isa = PBXBuildFile; fileRef = A3BF1F8A1637A024004D0AE7 /* TMUserData.m */; };
		A3BF1F8E1637C452004D0AE7 /* TMDataRequest.m in Sources */ = {isa = PBXBuildFile; fileRef = A3BF1F8D1637C452004D0AE7 /* TMDataRequest.m */; };
		C6191B971639159500C3CEB2 /* TMLoginViewController.m in Sources */ = {isa = PBXBuildFile; fileRef = C6191B961639159500C3CEB2 /* TMLoginViewController.m */; };
		C6191B9D1639179F00C3CEB2 /* TMGameListViewController.m in Sources */ = {isa = PBXBuildFile; fileRef = C6191B9C1639179F00C3CEB2 /* TMGameListViewController.m */; };
		C6191BA0163917C400C3CEB2 /* TMShopViewController.m in Sources */ = {isa = PBXBuildFile; fileRef = C6191B9F163917C400C3CEB2 /* TMShopViewController.m */; };
		C6191BA316392D0800C3CEB2 /* TMStoryboardSegueNotAnimated.m in Sources */ = {isa = PBXBuildFile; fileRef = C6191BA216392D0800C3CEB2 /* TMStoryboardSegueNotAnimated.m */; };
		C6191BA61639391200C3CEB2 /* TMTestViewController.m in Sources */ = {isa = PBXBuildFile; fileRef = C6191BA51639391200C3CEB2 /* TMTestViewController.m */; };
		C6191BAC1639482C00C3CEB2 /* TMSceneDirector.m in Sources */ = {isa = PBXBuildFile; fileRef = C6191BAB1639482C00C3CEB2 /* TMSceneDirector.m */; };
/* End PBXBuildFile section */

/* Begin PBXFileReference section */
		A370B957162FA69400B90AFC /* Tiniman-iphone.app */ = {isa = PBXFileReference; explicitFileType = wrapper.application; includeInIndex = 0; path = "Tiniman-iphone.app"; sourceTree = BUILT_PRODUCTS_DIR; };
		A370B95B162FA69400B90AFC /* UIKit.framework */ = {isa = PBXFileReference; lastKnownFileType = wrapper.framework; name = UIKit.framework; path = System/Library/Frameworks/UIKit.framework; sourceTree = SDKROOT; };
		A370B95D162FA69400B90AFC /* Foundation.framework */ = {isa = PBXFileReference; lastKnownFileType = wrapper.framework; name = Foundation.framework; path = System/Library/Frameworks/Foundation.framework; sourceTree = SDKROOT; };
		A370B95F162FA69400B90AFC /* CoreGraphics.framework */ = {isa = PBXFileReference; lastKnownFileType = wrapper.framework; name = CoreGraphics.framework; path = System/Library/Frameworks/CoreGraphics.framework; sourceTree = SDKROOT; };
		A370B9BF162FC06700B90AFC /* Default-568h@2x.png */ = {isa = PBXFileReference; lastKnownFileType = image.png; path = "Default-568h@2x.png"; sourceTree = "<group>"; };
		A370B9C0162FC06700B90AFC /* Default.png */ = {isa = PBXFileReference; lastKnownFileType = image.png; path = Default.png; sourceTree = "<group>"; };
		A370B9C1162FC06700B90AFC /* Default@2x.png */ = {isa = PBXFileReference; lastKnownFileType = image.png; path = "Default@2x.png"; sourceTree = "<group>"; };
		A370B9C2162FC06700B90AFC /* Tiniman-iphone-Info.plist */ = {isa = PBXFileReference; fileEncoding = 4; lastKnownFileType = text.plist.xml; path = "Tiniman-iphone-Info.plist"; sourceTree = "<group>"; };
		A370B9C3162FC06700B90AFC /* Tiniman-iphone-Prefix.pch */ = {isa = PBXFileReference; fileEncoding = 4; lastKnownFileType = sourcecode.c.h; path = "Tiniman-iphone-Prefix.pch"; sourceTree = "<group>"; };
		A37474E71638DA7E007B0834 /* AFHTTPClient.h */ = {isa = PBXFileReference; fileEncoding = 4; lastKnownFileType = sourcecode.c.h; path = AFHTTPClient.h; sourceTree = "<group>"; };
		A37474E81638DA7E007B0834 /* AFHTTPClient.m */ = {isa = PBXFileReference; fileEncoding = 4; lastKnownFileType = sourcecode.c.objc; path = AFHTTPClient.m; sourceTree = "<group>"; };
		A37474E91638DA7E007B0834 /* AFHTTPRequestOperation.h */ = {isa = PBXFileReference; fileEncoding = 4; lastKnownFileType = sourcecode.c.h; path = AFHTTPRequestOperation.h; sourceTree = "<group>"; };
		A37474EA1638DA7E007B0834 /* AFHTTPRequestOperation.m */ = {isa = PBXFileReference; fileEncoding = 4; lastKnownFileType = sourcecode.c.objc; path = AFHTTPRequestOperation.m; sourceTree = "<group>"; };
		A37474EB1638DA7E007B0834 /* AFImageRequestOperation.h */ = {isa = PBXFileReference; fileEncoding = 4; lastKnownFileType = sourcecode.c.h; path = AFImageRequestOperation.h; sourceTree = "<group>"; };
		A37474EC1638DA7E007B0834 /* AFImageRequestOperation.m */ = {isa = PBXFileReference; fileEncoding = 4; lastKnownFileType = sourcecode.c.objc; path = AFImageRequestOperation.m; sourceTree = "<group>"; };
		A37474ED1638DA7E007B0834 /* AFJSONRequestOperation.h */ = {isa = PBXFileReference; fileEncoding = 4; lastKnownFileType = sourcecode.c.h; path = AFJSONRequestOperation.h; sourceTree = "<group>"; };
		A37474EE1638DA7E007B0834 /* AFJSONRequestOperation.m */ = {isa = PBXFileReference; fileEncoding = 4; lastKnownFileType = sourcecode.c.objc; path = AFJSONRequestOperation.m; sourceTree = "<group>"; };
		A37474EF1638DA7E007B0834 /* AFNetworkActivityIndicatorManager.h */ = {isa = PBXFileReference; fileEncoding = 4; lastKnownFileType = sourcecode.c.h; path = AFNetworkActivityIndicatorManager.h; sourceTree = "<group>"; };
		A37474F01638DA7E007B0834 /* AFNetworkActivityIndicatorManager.m */ = {isa = PBXFileReference; fileEncoding = 4; lastKnownFileType = sourcecode.c.objc; path = AFNetworkActivityIndicatorManager.m; sourceTree = "<group>"; };
		A37474F11638DA7E007B0834 /* AFNetworking.h */ = {isa = PBXFileReference; fileEncoding = 4; lastKnownFileType = sourcecode.c.h; path = AFNetworking.h; sourceTree = "<group>"; };
		A37474F21638DA7E007B0834 /* AFPropertyListRequestOperation.h */ = {isa = PBXFileReference; fileEncoding = 4; lastKnownFileType = sourcecode.c.h; path = AFPropertyListRequestOperation.h; sourceTree = "<group>"; };
		A37474F31638DA7E007B0834 /* AFPropertyListRequestOperation.m */ = {isa = PBXFileReference; fileEncoding = 4; lastKnownFileType = sourcecode.c.objc; path = AFPropertyListRequestOperation.m; sourceTree = "<group>"; };
		A37474F41638DA7E007B0834 /* AFURLConnectionOperation.h */ = {isa = PBXFileReference; fileEncoding = 4; lastKnownFileType = sourcecode.c.h; path = AFURLConnectionOperation.h; sourceTree = "<group>"; };
		A37474F51638DA7E007B0834 /* AFURLConnectionOperation.m */ = {isa = PBXFileReference; fileEncoding = 4; lastKnownFileType = sourcecode.c.objc; path = AFURLConnectionOperation.m; sourceTree = "<group>"; };
		A37474F61638DA7E007B0834 /* AFXMLRequestOperation.h */ = {isa = PBXFileReference; fileEncoding = 4; lastKnownFileType = sourcecode.c.h; path = AFXMLRequestOperation.h; sourceTree = "<group>"; };
		A37474F71638DA7E007B0834 /* AFXMLRequestOperation.m */ = {isa = PBXFileReference; fileEncoding = 4; lastKnownFileType = sourcecode.c.objc; path = AFXMLRequestOperation.m; sourceTree = "<group>"; };
		A37474F81638DA7E007B0834 /* UIImageView+AFNetworking.h */ = {isa = PBXFileReference; fileEncoding = 4; lastKnownFileType = sourcecode.c.h; path = "UIImageView+AFNetworking.h"; sourceTree = "<group>"; };
		A37474F91638DA7E007B0834 /* UIImageView+AFNetworking.m */ = {isa = PBXFileReference; fileEncoding = 4; lastKnownFileType = sourcecode.c.objc; path = "UIImageView+AFNetworking.m"; sourceTree = "<group>"; };
		A374750416390A23007B0834 /* JSONKit.h */ = {isa = PBXFileReference; fileEncoding = 4; lastKnownFileType = sourcecode.c.h; path = JSONKit.h; sourceTree = "<group>"; };
		A374750516390A23007B0834 /* JSONKit.m */ = {isa = PBXFileReference; fileEncoding = 4; lastKnownFileType = sourcecode.c.objc; path = JSONKit.m; sourceTree = "<group>"; };
		A374750B16391119007B0834 /* main.m */ = {isa = PBXFileReference; fileEncoding = 4; lastKnownFileType = sourcecode.c.objc; path = main.m; sourceTree = "<group>"; };
		A374750C16391119007B0834 /* MainStoryboard.storyboard */ = {isa = PBXFileReference; fileEncoding = 4; lastKnownFileType = file.storyboard; path = MainStoryboard.storyboard; sourceTree = "<group>"; };
		A374750D16391119007B0834 /* TMAppDelegate.h */ = {isa = PBXFileReference; fileEncoding = 4; lastKnownFileType = sourcecode.c.h; path = TMAppDelegate.h; sourceTree = "<group>"; };
		A374750E16391119007B0834 /* TMAppDelegate.m */ = {isa = PBXFileReference; fileEncoding = 4; lastKnownFileType = sourcecode.c.objc; path = TMAppDelegate.m; sourceTree = "<group>"; };
		A3843648163593090046AB47 /* TMDataCenter.h */ = {isa = PBXFileReference; fileEncoding = 4; lastKnownFileType = sourcecode.c.h; path = TMDataCenter.h; sourceTree = "<group>"; };
		A3843649163593090046AB47 /* TMDataCenter.m */ = {isa = PBXFileReference; fileEncoding = 4; lastKnownFileType = sourcecode.c.objc; path = TMDataCenter.m; sourceTree = "<group>"; };
		A3BF1F891637A024004D0AE7 /* TMUserData.h */ = {isa = PBXFileReference; fileEncoding = 4; lastKnownFileType = sourcecode.c.h; path = TMUserData.h; sourceTree = "<group>"; };
		A3BF1F8A1637A024004D0AE7 /* TMUserData.m */ = {isa = PBXFileReference; fileEncoding = 4; lastKnownFileType = sourcecode.c.objc; path = TMUserData.m; sourceTree = "<group>"; };
		A3BF1F8C1637C452004D0AE7 /* TMDataRequest.h */ = {isa = PBXFileReference; fileEncoding = 4; lastKnownFileType = sourcecode.c.h; path = TMDataRequest.h; sourceTree = "<group>"; };
		A3BF1F8D1637C452004D0AE7 /* TMDataRequest.m */ = {isa = PBXFileReference; fileEncoding = 4; lastKnownFileType = sourcecode.c.objc; path = TMDataRequest.m; sourceTree = "<group>"; };
		C6191B951639159500C3CEB2 /* TMLoginViewController.h */ = {isa = PBXFileReference; fileEncoding = 4; lastKnownFileType = sourcecode.c.h; name = TMLoginViewController.h; path = "Login & Register/TMLoginViewController.h"; sourceTree = "<group>"; };
		C6191B961639159500C3CEB2 /* TMLoginViewController.m */ = {isa = PBXFileReference; fileEncoding = 4; lastKnownFileType = sourcecode.c.objc; name = TMLoginViewController.m; path = "Login & Register/TMLoginViewController.m"; sourceTree = "<group>"; };
		C6191B9B1639179F00C3CEB2 /* TMGameListViewController.h */ = {isa = PBXFileReference; fileEncoding = 4; lastKnownFileType = sourcecode.c.h; name = TMGameListViewController.h; path = Game/TMGameListViewController.h; sourceTree = "<group>"; };
		C6191B9C1639179F00C3CEB2 /* TMGameListViewController.m */ = {isa = PBXFileReference; fileEncoding = 4; lastKnownFileType = sourcecode.c.objc; name = TMGameListViewController.m; path = Game/TMGameListViewController.m; sourceTree = "<group>"; };
		C6191B9E163917C400C3CEB2 /* TMShopViewController.h */ = {isa = PBXFileReference; fileEncoding = 4; lastKnownFileType = sourcecode.c.h; name = TMShopViewController.h; path = Shop/TMShopViewController.h; sourceTree = "<group>"; };
		C6191B9F163917C400C3CEB2 /* TMShopViewController.m */ = {isa = PBXFileReference; fileEncoding = 4; lastKnownFileType = sourcecode.c.objc; name = TMShopViewController.m; path = Shop/TMShopViewController.m; sourceTree = "<group>"; };
		C6191BA116392D0800C3CEB2 /* TMStoryboardSegueNotAnimated.h */ = {isa = PBXFileReference; fileEncoding = 4; lastKnownFileType = sourcecode.c.h; name = TMStoryboardSegueNotAnimated.h; path = Miscs/TMStoryboardSegueNotAnimated.h; sourceTree = "<group>"; };
		C6191BA216392D0800C3CEB2 /* TMStoryboardSegueNotAnimated.m */ = {isa = PBXFileReference; fileEncoding = 4; lastKnownFileType = sourcecode.c.objc; name = TMStoryboardSegueNotAnimated.m; path = Miscs/TMStoryboardSegueNotAnimated.m; sourceTree = "<group>"; };
		C6191BA41639391100C3CEB2 /* TMTestViewController.h */ = {isa = PBXFileReference; fileEncoding = 4; lastKnownFileType = sourcecode.c.h; path = TMTestViewController.h; sourceTree = "<group>"; };
		C6191BA51639391200C3CEB2 /* TMTestViewController.m */ = {isa = PBXFileReference; fileEncoding = 4; lastKnownFileType = sourcecode.c.objc; path = TMTestViewController.m; sourceTree = "<group>"; };
		C6191BAA1639482B00C3CEB2 /* TMSceneDirector.h */ = {isa = PBXFileReference; fileEncoding = 4; lastKnownFileType = sourcecode.c.h; path = TMSceneDirector.h; sourceTree = "<group>"; };
		C6191BAB1639482C00C3CEB2 /* TMSceneDirector.m */ = {isa = PBXFileReference; fileEncoding = 4; lastKnownFileType = sourcecode.c.objc; path = TMSceneDirector.m; sourceTree = "<group>"; };
		C6214EC1162FE0E30001B630 /* Define.h */ = {isa = PBXFileReference; fileEncoding = 4; lastKnownFileType = sourcecode.c.h; name = Define.h; path = Miscs/Define.h; sourceTree = "<group>"; };
/* End PBXFileReference section */

/* Begin PBXFrameworksBuildPhase section */
		A370B954162FA69400B90AFC /* Frameworks */ = {
			isa = PBXFrameworksBuildPhase;
			buildActionMask = 2147483647;
			files = (
				A370B95C162FA69400B90AFC /* UIKit.framework in Frameworks */,
				A370B95E162FA69400B90AFC /* Foundation.framework in Frameworks */,
				A370B960162FA69400B90AFC /* CoreGraphics.framework in Frameworks */,
			);
			runOnlyForDeploymentPostprocessing = 0;
		};
/* End PBXFrameworksBuildPhase section */

/* Begin PBXGroup section */
		A370B94C162FA69400B90AFC = {
			isa = PBXGroup;
			children = (
				A370B9A1162FB26400B90AFC /* Source */,
				A370B9BE162FC06700B90AFC /* Supporting Files */,
				A370B95A162FA69400B90AFC /* Frameworks */,
				A370B958162FA69400B90AFC /* Products */,
			);
			sourceTree = "<group>";
		};
		A370B958162FA69400B90AFC /* Products */ = {
			isa = PBXGroup;
			children = (
				A370B957162FA69400B90AFC /* Tiniman-iphone.app */,
			);
			name = Products;
			sourceTree = "<group>";
		};
		A370B95A162FA69400B90AFC /* Frameworks */ = {
			isa = PBXGroup;
			children = (
				A370B95B162FA69400B90AFC /* UIKit.framework */,
				A370B95D162FA69400B90AFC /* Foundation.framework */,
				A370B95F162FA69400B90AFC /* CoreGraphics.framework */,
			);
			name = Frameworks;
			sourceTree = "<group>";
		};
		A370B9A0162FB26400B90AFC /* Resource */ = {
			isa = PBXGroup;
			children = (
			);
			name = Resource;
			path = ../Resource;
			sourceTree = "<group>";
		};
		A370B9A1162FB26400B90AFC /* Source */ = {
			isa = PBXGroup;
			children = (
				A374750B16391119007B0834 /* main.m */,
				A374750C16391119007B0834 /* MainStoryboard.storyboard */,
				A374750D16391119007B0834 /* TMAppDelegate.h */,
				A374750E16391119007B0834 /* TMAppDelegate.m */,
				C6191BAA1639482B00C3CEB2 /* TMSceneDirector.h */,
				C6191BAB1639482C00C3CEB2 /* TMSceneDirector.m */,
				C6191BA41639391100C3CEB2 /* TMTestViewController.h */,
				C6191BA51639391200C3CEB2 /* TMTestViewController.m */,
				C6214EC0162FE0B10001B630 /* Misc */,
				A370B9A2162FB26400B90AFC /* Controllers */,
				A370B9A3162FB26400B90AFC /* Data */,
				A370B9A4162FB26400B90AFC /* Network */,
				A370B9A5162FB26400B90AFC /* Views */,
			);
			name = Source;
			path = "Tiniman-iphone/Source";
			sourceTree = "<group>";
		};
		A370B9A2162FB26400B90AFC /* Controllers */ = {
			isa = PBXGroup;
			children = (
				C6191B941639155E00C3CEB2 /* Login & Register */,
				C6191B98163915C100C3CEB2 /* Game */,
				C6191B9A163915CC00C3CEB2 /* User */,
				C6191B99163915C600C3CEB2 /* Shop */,
			);
			path = Controllers;
			sourceTree = "<group>";
		};
		A370B9A3162FB26400B90AFC /* Data */ = {
			isa = PBXGroup;
			children = (
				A3843648163593090046AB47 /* TMDataCenter.h */,
				A3843649163593090046AB47 /* TMDataCenter.m */,
				A3BF1F891637A024004D0AE7 /* TMUserData.h */,
				A3BF1F8A1637A024004D0AE7 /* TMUserData.m */,
				A3BF1F8C1637C452004D0AE7 /* TMDataRequest.h */,
				A3BF1F8D1637C452004D0AE7 /* TMDataRequest.m */,
			);
			path = Data;
			sourceTree = "<group>";
		};
		A370B9A4162FB26400B90AFC /* Network */ = {
			isa = PBXGroup;
			children = (
			);
			path = Network;
			sourceTree = "<group>";
		};
		A370B9A5162FB26400B90AFC /* Views */ = {
			isa = PBXGroup;
			children = (
			);
			path = Views;
			sourceTree = "<group>";
		};
		A370B9BE162FC06700B90AFC /* Supporting Files */ = {
			isa = PBXGroup;
			children = (
				A37474E51638DA7E007B0834 /* Libs */,
				A370B9A0162FB26400B90AFC /* Resource */,
				A370B9BF162FC06700B90AFC /* Default-568h@2x.png */,
				A370B9C0162FC06700B90AFC /* Default.png */,
				A370B9C1162FC06700B90AFC /* Default@2x.png */,
				A370B9C2162FC06700B90AFC /* Tiniman-iphone-Info.plist */,
				A370B9C3162FC06700B90AFC /* Tiniman-iphone-Prefix.pch */,
			);
			name = "Supporting Files";
			path = "Tiniman-iphone/Supporting Files";
			sourceTree = "<group>";
		};
		A37474E51638DA7E007B0834 /* Libs */ = {
			isa = PBXGroup;
			children = (
				A374750316390A23007B0834 /* JSONKit */,
				A37474E61638DA7E007B0834 /* AFNetworking */,
			);
			path = Libs;
			sourceTree = "<group>";
		};
		A37474E61638DA7E007B0834 /* AFNetworking */ = {
			isa = PBXGroup;
			children = (
				A37474E71638DA7E007B0834 /* AFHTTPClient.h */,
				A37474E81638DA7E007B0834 /* AFHTTPClient.m */,
				A37474E91638DA7E007B0834 /* AFHTTPRequestOperation.h */,
				A37474EA1638DA7E007B0834 /* AFHTTPRequestOperation.m */,
				A37474EB1638DA7E007B0834 /* AFImageRequestOperation.h */,
				A37474EC1638DA7E007B0834 /* AFImageRequestOperation.m */,
				A37474ED1638DA7E007B0834 /* AFJSONRequestOperation.h */,
				A37474EE1638DA7E007B0834 /* AFJSONRequestOperation.m */,
				A37474EF1638DA7E007B0834 /* AFNetworkActivityIndicatorManager.h */,
				A37474F01638DA7E007B0834 /* AFNetworkActivityIndicatorManager.m */,
				A37474F11638DA7E007B0834 /* AFNetworking.h */,
				A37474F21638DA7E007B0834 /* AFPropertyListRequestOperation.h */,
				A37474F31638DA7E007B0834 /* AFPropertyListRequestOperation.m */,
				A37474F41638DA7E007B0834 /* AFURLConnectionOperation.h */,
				A37474F51638DA7E007B0834 /* AFURLConnectionOperation.m */,
				A37474F61638DA7E007B0834 /* AFXMLRequestOperation.h */,
				A37474F71638DA7E007B0834 /* AFXMLRequestOperation.m */,
				A37474F81638DA7E007B0834 /* UIImageView+AFNetworking.h */,
				A37474F91638DA7E007B0834 /* UIImageView+AFNetworking.m */,
			);
			path = AFNetworking;
			sourceTree = "<group>";
		};
		A374750316390A23007B0834 /* JSONKit */ = {
			isa = PBXGroup;
			children = (
				A374750416390A23007B0834 /* JSONKit.h */,
				A374750516390A23007B0834 /* JSONKit.m */,
			);
			path = JSONKit;
			sourceTree = "<group>";
		};
		C6191B941639155E00C3CEB2 /* Login & Register */ = {
			isa = PBXGroup;
			children = (
				C6191B951639159500C3CEB2 /* TMLoginViewController.h */,
				C6191B961639159500C3CEB2 /* TMLoginViewController.m */,
			);
			name = "Login & Register";
			sourceTree = "<group>";
		};
		C6191B98163915C100C3CEB2 /* Game */ = {
			isa = PBXGroup;
			children = (
				C6191B9B1639179F00C3CEB2 /* TMGameListViewController.h */,
				C6191B9C1639179F00C3CEB2 /* TMGameListViewController.m */,
			);
			name = Game;
			sourceTree = "<group>";
		};
		C6191B99163915C600C3CEB2 /* Shop */ = {
			isa = PBXGroup;
			children = (
				C6191B9E163917C400C3CEB2 /* TMShopViewController.h */,
				C6191B9F163917C400C3CEB2 /* TMShopViewController.m */,
			);
			name = Shop;
			sourceTree = "<group>";
		};
		C6191B9A163915CC00C3CEB2 /* User */ = {
			isa = PBXGroup;
			children = (
			);
			name = User;
			sourceTree = "<group>";
		};
		C6214EC0162FE0B10001B630 /* Misc */ = {
			isa = PBXGroup;
			children = (
				C6214EC1162FE0E30001B630 /* Define.h */,
				C6191BA116392D0800C3CEB2 /* TMStoryboardSegueNotAnimated.h */,
				C6191BA216392D0800C3CEB2 /* TMStoryboardSegueNotAnimated.m */,
			);
			name = Misc;
			sourceTree = "<group>";
		};
/* End PBXGroup section */

/* Begin PBXNativeTarget section */
		A370B956162FA69400B90AFC /* Tiniman-iphone */ = {
			isa = PBXNativeTarget;
			buildConfigurationList = A370B97B162FA69400B90AFC /* Build configuration list for PBXNativeTarget "Tiniman-iphone" */;
			buildPhases = (
				A370B953162FA69400B90AFC /* Sources */,
				A370B954162FA69400B90AFC /* Frameworks */,
				A370B955162FA69400B90AFC /* Resources */,
			);
			buildRules = (
			);
			dependencies = (
			);
			name = "Tiniman-iphone";
			productName = "Tiniman-iphone";
			productReference = A370B957162FA69400B90AFC /* Tiniman-iphone.app */;
			productType = "com.apple.product-type.application";
		};
/* End PBXNativeTarget section */

/* Begin PBXProject section */
		A370B94E162FA69400B90AFC /* Project object */ = {
			isa = PBXProject;
			attributes = {
				CLASSPREFIX = TM;
				LastUpgradeCheck = 0450;
			};
			buildConfigurationList = A370B951162FA69400B90AFC /* Build configuration list for PBXProject "Tiniman-iphone" */;
			compatibilityVersion = "Xcode 3.2";
			developmentRegion = English;
			hasScannedForEncodings = 0;
			knownRegions = (
				en,
			);
			mainGroup = A370B94C162FA69400B90AFC;
			productRefGroup = A370B958162FA69400B90AFC /* Products */;
			projectDirPath = "";
			projectRoot = "";
			targets = (
				A370B956162FA69400B90AFC /* Tiniman-iphone */,
			);
		};
/* End PBXProject section */

/* Begin PBXResourcesBuildPhase section */
		A370B955162FA69400B90AFC /* Resources */ = {
			isa = PBXResourcesBuildPhase;
			buildActionMask = 2147483647;
			files = (
				A370B9C4162FC06700B90AFC /* Default-568h@2x.png in Resources */,
				A370B9C5162FC06700B90AFC /* Default.png in Resources */,
				A370B9C6162FC06700B90AFC /* Default@2x.png in Resources */,
				A374751016391119007B0834 /* MainStoryboard.storyboard in Resources */,
			);
			runOnlyForDeploymentPostprocessing = 0;
		};
/* End PBXResourcesBuildPhase section */

/* Begin PBXSourcesBuildPhase section */
		A370B953162FA69400B90AFC /* Sources */ = {
			isa = PBXSourcesBuildPhase;
			buildActionMask = 2147483647;
			files = (
				A384364A163593090046AB47 /* TMDataCenter.m in Sources */,
				A3BF1F8B1637A024004D0AE7 /* TMUserData.m in Sources */,
				A3BF1F8E1637C452004D0AE7 /* TMDataRequest.m in Sources */,
				A37474FA1638DA7E007B0834 /* AFHTTPClient.m in Sources */,
				A37474FB1638DA7E007B0834 /* AFHTTPRequestOperation.m in Sources */,
				A37474FC1638DA7E007B0834 /* AFImageRequestOperation.m in Sources */,
				A37474FD1638DA7E007B0834 /* AFJSONRequestOperation.m in Sources */,
				A37474FE1638DA7E007B0834 /* AFNetworkActivityIndicatorManager.m in Sources */,
				A37474FF1638DA7E007B0834 /* AFPropertyListRequestOperation.m in Sources */,
				A37475001638DA7E007B0834 /* AFURLConnectionOperation.m in Sources */,
				A37475011638DA7E007B0834 /* AFXMLRequestOperation.m in Sources */,
				A37475021638DA7E007B0834 /* UIImageView+AFNetworking.m in Sources */,
				A374750616390A23007B0834 /* JSONKit.m in Sources */,
				A374750F16391119007B0834 /* main.m in Sources */,
				A374751116391119007B0834 /* TMAppDelegate.m in Sources */,
				C6191B971639159500C3CEB2 /* TMLoginViewController.m in Sources */,
				C6191B9D1639179F00C3CEB2 /* TMGameListViewController.m in Sources */,
				C6191BA0163917C400C3CEB2 /* TMShopViewController.m in Sources */,
				C6191BA316392D0800C3CEB2 /* TMStoryboardSegueNotAnimated.m in Sources */,
				C6191BA61639391200C3CEB2 /* TMTestViewController.m in Sources */,
				C6191BAC1639482C00C3CEB2 /* TMSceneDirector.m in Sources */,
			);
			runOnlyForDeploymentPostprocessing = 0;
		};
/* End PBXSourcesBuildPhase section */

/* Begin XCBuildConfiguration section */
		A370B979162FA69400B90AFC /* Debug */ = {
			isa = XCBuildConfiguration;
			buildSettings = {
				ALWAYS_SEARCH_USER_PATHS = NO;
				CLANG_CXX_LANGUAGE_STANDARD = "gnu++0x";
				CLANG_CXX_LIBRARY = "libc++";
				CLANG_WARN_EMPTY_BODY = YES;
				CLANG_WARN__DUPLICATE_METHOD_MATCH = YES;
				"CODE_SIGN_IDENTITY[sdk=iphoneos*]" = "iPhone Developer";
				COPY_PHASE_STRIP = NO;
				GCC_C_LANGUAGE_STANDARD = gnu99;
				GCC_DYNAMIC_NO_PIC = NO;
				GCC_OPTIMIZATION_LEVEL = 0;
				GCC_PREPROCESSOR_DEFINITIONS = (
					"DEBUG=1",
					"$(inherited)",
				);
				GCC_SYMBOLS_PRIVATE_EXTERN = NO;
				GCC_WARN_ABOUT_RETURN_TYPE = YES;
				GCC_WARN_UNINITIALIZED_AUTOS = YES;
				GCC_WARN_UNUSED_VARIABLE = YES;
				INFOPLIST_FILE = "";
				IPHONEOS_DEPLOYMENT_TARGET = 5.0;
				ONLY_ACTIVE_ARCH = YES;
				SDKROOT = iphoneos;
			};
			name = Debug;
		};
		A370B97A162FA69400B90AFC /* Release */ = {
			isa = XCBuildConfiguration;
			buildSettings = {
				ALWAYS_SEARCH_USER_PATHS = NO;
				CLANG_CXX_LANGUAGE_STANDARD = "gnu++0x";
				CLANG_CXX_LIBRARY = "libc++";
				CLANG_WARN_EMPTY_BODY = YES;
				CLANG_WARN__DUPLICATE_METHOD_MATCH = YES;
				"CODE_SIGN_IDENTITY[sdk=iphoneos*]" = "iPhone Developer";
				COPY_PHASE_STRIP = YES;
				GCC_C_LANGUAGE_STANDARD = gnu99;
				GCC_WARN_ABOUT_RETURN_TYPE = YES;
				GCC_WARN_UNINITIALIZED_AUTOS = YES;
				GCC_WARN_UNUSED_VARIABLE = YES;
				INFOPLIST_FILE = "";
				IPHONEOS_DEPLOYMENT_TARGET = 5.0;
				OTHER_CFLAGS = "-DNS_BLOCK_ASSERTIONS=1";
				SDKROOT = iphoneos;
				VALIDATE_PRODUCT = YES;
			};
			name = Release;
		};
		A370B97C162FA69400B90AFC /* Debug */ = {
			isa = XCBuildConfiguration;
			buildSettings = {
				GCC_PRECOMPILE_PREFIX_HEADER = YES;
				GCC_PREFIX_HEADER = "Tiniman-iphone/Supporting Files/Tiniman-iphone-Prefix.pch";
				INFOPLIST_FILE = "$(SRCROOT)/Tiniman-iphone/Supporting Files/Tiniman-iphone-Info.plist";
				IPHONEOS_DEPLOYMENT_TARGET = 5.0;
				PRODUCT_NAME = "$(TARGET_NAME)";
				WRAPPER_EXTENSION = app;
			};
			name = Debug;
		};
		A370B97D162FA69400B90AFC /* Release */ = {
			isa = XCBuildConfiguration;
			buildSettings = {
				GCC_PRECOMPILE_PREFIX_HEADER = YES;
				GCC_PREFIX_HEADER = "Tiniman-iphone/Supporting Files/Tiniman-iphone-Prefix.pch";
				INFOPLIST_FILE = "$(SRCROOT)/Tiniman-iphone/Supporting Files/Tiniman-iphone-Info.plist";
				IPHONEOS_DEPLOYMENT_TARGET = 5.0;
				PRODUCT_NAME = "$(TARGET_NAME)";
				WRAPPER_EXTENSION = app;
			};
			name = Release;
		};
/* End XCBuildConfiguration section */

/* Begin XCConfigurationList section */
		A370B951162FA69400B90AFC /* Build configuration list for PBXProject "Tiniman-iphone" */ = {
			isa = XCConfigurationList;
			buildConfigurations = (
				A370B979162FA69400B90AFC /* Debug */,
				A370B97A162FA69400B90AFC /* Release */,
			);
			defaultConfigurationIsVisible = 0;
			defaultConfigurationName = Release;
		};
		A370B97B162FA69400B90AFC /* Build configuration list for PBXNativeTarget "Tiniman-iphone" */ = {
			isa = XCConfigurationList;
			buildConfigurations = (
				A370B97C162FA69400B90AFC /* Debug */,
				A370B97D162FA69400B90AFC /* Release */,
			);
			defaultConfigurationIsVisible = 0;
			defaultConfigurationName = Release;
		};
/* End XCConfigurationList section */
	};
	rootObject = A370B94E162FA69400B90AFC /* Project object */;
}
